// !$*UTF8*$!
{
	archiveVersion = 1;
	classes = {
	};
	objectVersion = 54;
	objects = {

/* Begin PBXBuildFile section */
		083C6F17614D891EC0073648 /* PrivacyInfo.xcprivacy in Resources */ = {isa = PBXBuildFile; fileRef = EDAD7A659F9BF612AFC274C5 /* PrivacyInfo.xcprivacy */; };
		13B07FBC1A68108700A75B9A /* AppDelegate.mm in Sources */ = {isa = PBXBuildFile; fileRef = 13B07FB01A68108700A75B9A /* AppDelegate.mm */; };
		13B07FBF1A68108700A75B9A /* Images.xcassets in Resources */ = {isa = PBXBuildFile; fileRef = 13B07FB51A68108700A75B9A /* Images.xcassets */; };
		13B07FC11A68108700A75B9A /* main.m in Sources */ = {isa = PBXBuildFile; fileRef = 13B07FB71A68108700A75B9A /* main.m */; };
		3E461D99554A48A4959DE609 /* SplashScreen.storyboard in Resources */ = {isa = PBXBuildFile; fileRef = AA286B85B6C04FC6940260E9 /* SplashScreen.storyboard */; };
		5148FE922C88131B003BA6C4 /* lbfgs.cpp in Sources */ = {isa = PBXBuildFile; fileRef = 5148FE5A2C88131B003BA6C4 /* lbfgs.cpp */; };
		5148FE932C88131B003BA6C4 /* mecab-dict-gen.cpp in Sources */ = {isa = PBXBuildFile; fileRef = 5148FE5B2C88131B003BA6C4 /* mecab-dict-gen.cpp */; };
		5148FE942C88131B003BA6C4 /* learner.cpp in Sources */ = {isa = PBXBuildFile; fileRef = 5148FE5D2C88131B003BA6C4 /* learner.cpp */; };
		5148FE952C88131B003BA6C4 /* mecabrc in Resources */ = {isa = PBXBuildFile; fileRef = 5148FE5E2C88131B003BA6C4 /* mecabrc */; };
		5148FE962C88131B003BA6C4 /* dictionary_generator.cpp in Sources */ = {isa = PBXBuildFile; fileRef = 5148FE612C88131B003BA6C4 /* dictionary_generator.cpp */; };
		5148FE972C88131B003BA6C4 /* utils.cpp in Sources */ = {isa = PBXBuildFile; fileRef = 5148FE632C88131B003BA6C4 /* utils.cpp */; };
		5148FE982C88131B003BA6C4 /* tagger.cpp in Sources */ = {isa = PBXBuildFile; fileRef = 5148FE652C88131B003BA6C4 /* tagger.cpp */; };
		5148FE992C88131B003BA6C4 /* nbest_generator.cpp in Sources */ = {isa = PBXBuildFile; fileRef = 5148FE692C88131B003BA6C4 /* nbest_generator.cpp */; };
		5148FE9A2C88131B003BA6C4 /* mecab-cost-train.cpp in Sources */ = {isa = PBXBuildFile; fileRef = 5148FE6E2C88131B003BA6C4 /* mecab-cost-train.cpp */; };
		5148FE9B2C88131B003BA6C4 /* feature_index.cpp in Sources */ = {isa = PBXBuildFile; fileRef = 5148FE6F2C88131B003BA6C4 /* feature_index.cpp */; };
		5148FE9C2C88131B003BA6C4 /* char_property.cpp in Sources */ = {isa = PBXBuildFile; fileRef = 5148FE712C88131B003BA6C4 /* char_property.cpp */; };
		5148FE9D2C88131B003BA6C4 /* mecab-test-gen.cpp in Sources */ = {isa = PBXBuildFile; fileRef = 5148FE722C88131B003BA6C4 /* mecab-test-gen.cpp */; };
		5148FE9E2C88131B003BA6C4 /* tokenizer.cpp in Sources */ = {isa = PBXBuildFile; fileRef = 5148FE742C88131B003BA6C4 /* tokenizer.cpp */; };
		5148FE9F2C88131B003BA6C4 /* dictionary_compiler.cpp in Sources */ = {isa = PBXBuildFile; fileRef = 5148FE762C88131B003BA6C4 /* dictionary_compiler.cpp */; };
		5148FEA02C88131B003BA6C4 /* dictionary_rewriter.cpp in Sources */ = {isa = PBXBuildFile; fileRef = 5148FE792C88131B003BA6C4 /* dictionary_rewriter.cpp */; };
		5148FEA12C88131B003BA6C4 /* string_buffer.cpp in Sources */ = {isa = PBXBuildFile; fileRef = 5148FE7C2C88131B003BA6C4 /* string_buffer.cpp */; };
		5148FEA22C88131B003BA6C4 /* learner_tagger.cpp in Sources */ = {isa = PBXBuildFile; fileRef = 5148FE7F2C88131B003BA6C4 /* learner_tagger.cpp */; };
		5148FEA32C88131B003BA6C4 /* param.cpp in Sources */ = {isa = PBXBuildFile; fileRef = 5148FE802C88131B003BA6C4 /* param.cpp */; };
		5148FEA42C88131B003BA6C4 /* viterbi.cpp in Sources */ = {isa = PBXBuildFile; fileRef = 5148FE812C88131B003BA6C4 /* viterbi.cpp */; };
		5148FEA52C88131B003BA6C4 /* connector.cpp in Sources */ = {isa = PBXBuildFile; fileRef = 5148FE822C88131B003BA6C4 /* connector.cpp */; };
		5148FEA62C88131B003BA6C4 /* libmecab.cpp in Sources */ = {isa = PBXBuildFile; fileRef = 5148FE832C88131B003BA6C4 /* libmecab.cpp */; };
		5148FEA72C88131B003BA6C4 /* mecab-system-eval.cpp in Sources */ = {isa = PBXBuildFile; fileRef = 5148FE842C88131B003BA6C4 /* mecab-system-eval.cpp */; };
		5148FEA82C88131B003BA6C4 /* mecab-dict-index.cpp in Sources */ = {isa = PBXBuildFile; fileRef = 5148FE872C88131B003BA6C4 /* mecab-dict-index.cpp */; };
		5148FEA92C88131B003BA6C4 /* iconv_utils.cpp in Sources */ = {isa = PBXBuildFile; fileRef = 5148FE892C88131B003BA6C4 /* iconv_utils.cpp */; };
		5148FEAA2C88131B003BA6C4 /* mecab.cpp in Sources */ = {isa = PBXBuildFile; fileRef = 5148FE8C2C88131B003BA6C4 /* mecab.cpp */; };
		5148FEAB2C88131B003BA6C4 /* eval.cpp in Sources */ = {isa = PBXBuildFile; fileRef = 5148FE8E2C88131B003BA6C4 /* eval.cpp */; };
		5148FEAC2C88131B003BA6C4 /* dictionary.cpp in Sources */ = {isa = PBXBuildFile; fileRef = 5148FE8F2C88131B003BA6C4 /* dictionary.cpp */; };
		5148FEAD2C88131B003BA6C4 /* writer.cpp in Sources */ = {isa = PBXBuildFile; fileRef = 5148FE902C88131B003BA6C4 /* writer.cpp */; };
		5148FEAE2C88131B003BA6C4 /* context_id.cpp in Sources */ = {isa = PBXBuildFile; fileRef = 5148FE912C88131B003BA6C4 /* context_id.cpp */; };
		5148FEB92C88132E003BA6C4 /* rewrite.def in Resources */ = {isa = PBXBuildFile; fileRef = 5148FEB02C88132E003BA6C4 /* rewrite.def */; };
		5148FEBA2C88132E003BA6C4 /* left-id.def in Resources */ = {isa = PBXBuildFile; fileRef = 5148FEB12C88132E003BA6C4 /* left-id.def */; };
		5148FEBB2C88132E003BA6C4 /* pos-id.def in Resources */ = {isa = PBXBuildFile; fileRef = 5148FEB22C88132E003BA6C4 /* pos-id.def */; };
		5148FEBC2C88132E003BA6C4 /* matrix.bin in Resources */ = {isa = PBXBuildFile; fileRef = 5148FEB32C88132E003BA6C4 /* matrix.bin */; };
		5148FEBD2C88132E003BA6C4 /* unk.dic in Resources */ = {isa = PBXBuildFile; fileRef = 5148FEB42C88132E003BA6C4 /* unk.dic */; };
		5148FEBE2C88132E003BA6C4 /* sys.dic in Resources */ = {isa = PBXBuildFile; fileRef = 5148FEB52C88132E003BA6C4 /* sys.dic */; };
		5148FEBF2C88132E003BA6C4 /* dicrc in Resources */ = {isa = PBXBuildFile; fileRef = 5148FEB62C88132E003BA6C4 /* dicrc */; };
		5148FEC02C88132E003BA6C4 /* right-id.def in Resources */ = {isa = PBXBuildFile; fileRef = 5148FEB72C88132E003BA6C4 /* right-id.def */; };
		5148FEC12C88132E003BA6C4 /* char.bin in Resources */ = {isa = PBXBuildFile; fileRef = 5148FEB82C88132E003BA6C4 /* char.bin */; };
		51995D62298DDEF5003CA87F /* Maps.plist in Resources */ = {isa = PBXBuildFile; fileRef = 51995D61298DDEF5003CA87F /* Maps.plist */; };
		6A6302FF8A3D2051D5FA5EB9 /* libPods-ecorismap.a in Frameworks */ = {isa = PBXBuildFile; fileRef = 61AE1DF8728574BC6F7D03A3 /* libPods-ecorismap.a */; };
		B18059E884C0ABDD17F3DC3D /* ExpoModulesProvider.swift in Sources */ = {isa = PBXBuildFile; fileRef = FAC715A2D49A985799AEE119 /* ExpoModulesProvider.swift */; };
		BB2F792D24A3F905000567C9 /* Expo.plist in Resources */ = {isa = PBXBuildFile; fileRef = BB2F792C24A3F905000567C9 /* Expo.plist */; };
/* End PBXBuildFile section */

/* Begin PBXFileReference section */
		008F07F21AC5B25A0029DE68 /* main.jsbundle */ = {isa = PBXFileReference; fileEncoding = 4; lastKnownFileType = text; path = main.jsbundle; sourceTree = "<group>"; };
		13B07F961A680F5B00A75B9A /* ecorismap.app */ = {isa = PBXFileReference; explicitFileType = wrapper.application; includeInIndex = 0; path = ecorismap.app; sourceTree = BUILT_PRODUCTS_DIR; };
		13B07FAF1A68108700A75B9A /* AppDelegate.h */ = {isa = PBXFileReference; fileEncoding = 4; lastKnownFileType = sourcecode.c.h; name = AppDelegate.h; path = ecorismap/AppDelegate.h; sourceTree = "<group>"; };
		13B07FB01A68108700A75B9A /* AppDelegate.mm */ = {isa = PBXFileReference; fileEncoding = 4; lastKnownFileType = sourcecode.cpp.objcpp; name = AppDelegate.mm; path = ecorismap/AppDelegate.mm; sourceTree = "<group>"; };
		13B07FB51A68108700A75B9A /* Images.xcassets */ = {isa = PBXFileReference; lastKnownFileType = folder.assetcatalog; name = Images.xcassets; path = ecorismap/Images.xcassets; sourceTree = "<group>"; };
		13B07FB61A68108700A75B9A /* Info.plist */ = {isa = PBXFileReference; fileEncoding = 4; lastKnownFileType = text.plist.xml; name = Info.plist; path = ecorismap/Info.plist; sourceTree = "<group>"; };
		13B07FB71A68108700A75B9A /* main.m */ = {isa = PBXFileReference; fileEncoding = 4; lastKnownFileType = sourcecode.c.objc; name = main.m; path = ecorismap/main.m; sourceTree = "<group>"; };
		51477B4F29DEB2F10005ADC1 /* ecorismap.entitlements */ = {isa = PBXFileReference; lastKnownFileType = text.plist.entitlements; name = ecorismap.entitlements; path = ecorismap/ecorismap.entitlements; sourceTree = "<group>"; };
		5148FE582C88131B003BA6C4 /* scoped_ptr.h */ = {isa = PBXFileReference; fileEncoding = 4; lastKnownFileType = sourcecode.c.h; path = scoped_ptr.h; sourceTree = "<group>"; };
		5148FE592C88131B003BA6C4 /* ucstable.h */ = {isa = PBXFileReference; fileEncoding = 4; lastKnownFileType = sourcecode.c.h; path = ucstable.h; sourceTree = "<group>"; };
		5148FE5A2C88131B003BA6C4 /* lbfgs.cpp */ = {isa = PBXFileReference; fileEncoding = 4; lastKnownFileType = sourcecode.cpp.cpp; path = lbfgs.cpp; sourceTree = "<group>"; };
		5148FE5B2C88131B003BA6C4 /* mecab-dict-gen.cpp */ = {isa = PBXFileReference; fileEncoding = 4; lastKnownFileType = sourcecode.cpp.cpp; path = "mecab-dict-gen.cpp"; sourceTree = "<group>"; };
		5148FE5C2C88131B003BA6C4 /* learner_tagger.h */ = {isa = PBXFileReference; fileEncoding = 4; lastKnownFileType = sourcecode.c.h; path = learner_tagger.h; sourceTree = "<group>"; };
		5148FE5D2C88131B003BA6C4 /* learner.cpp */ = {isa = PBXFileReference; fileEncoding = 4; lastKnownFileType = sourcecode.cpp.cpp; path = learner.cpp; sourceTree = "<group>"; };
		5148FE5E2C88131B003BA6C4 /* mecabrc */ = {isa = PBXFileReference; fileEncoding = 4; lastKnownFileType = text; path = mecabrc; sourceTree = "<group>"; };
		5148FE5F2C88131B003BA6C4 /* freelist.h */ = {isa = PBXFileReference; fileEncoding = 4; lastKnownFileType = sourcecode.c.h; path = freelist.h; sourceTree = "<group>"; };
		5148FE602C88131B003BA6C4 /* utils.h */ = {isa = PBXFileReference; fileEncoding = 4; lastKnownFileType = sourcecode.c.h; path = utils.h; sourceTree = "<group>"; };
		5148FE612C88131B003BA6C4 /* dictionary_generator.cpp */ = {isa = PBXFileReference; fileEncoding = 4; lastKnownFileType = sourcecode.cpp.cpp; path = dictionary_generator.cpp; sourceTree = "<group>"; };
		5148FE622C88131B003BA6C4 /* winmain.h */ = {isa = PBXFileReference; fileEncoding = 4; lastKnownFileType = sourcecode.c.h; path = winmain.h; sourceTree = "<group>"; };
		5148FE632C88131B003BA6C4 /* utils.cpp */ = {isa = PBXFileReference; fileEncoding = 4; lastKnownFileType = sourcecode.cpp.cpp; path = utils.cpp; sourceTree = "<group>"; };
		5148FE642C88131B003BA6C4 /* char_property.h */ = {isa = PBXFileReference; fileEncoding = 4; lastKnownFileType = sourcecode.c.h; path = char_property.h; sourceTree = "<group>"; };
		5148FE652C88131B003BA6C4 /* tagger.cpp */ = {isa = PBXFileReference; fileEncoding = 4; lastKnownFileType = sourcecode.cpp.cpp; path = tagger.cpp; sourceTree = "<group>"; };
		5148FE662C88131B003BA6C4 /* nbest_generator.h */ = {isa = PBXFileReference; fileEncoding = 4; lastKnownFileType = sourcecode.c.h; path = nbest_generator.h; sourceTree = "<group>"; };
		5148FE672C88131B003BA6C4 /* darts.h */ = {isa = PBXFileReference; fileEncoding = 4; lastKnownFileType = sourcecode.c.h; path = darts.h; sourceTree = "<group>"; };
		5148FE682C88131B003BA6C4 /* context_id.h */ = {isa = PBXFileReference; fileEncoding = 4; lastKnownFileType = sourcecode.c.h; path = context_id.h; sourceTree = "<group>"; };
		5148FE692C88131B003BA6C4 /* nbest_generator.cpp */ = {isa = PBXFileReference; fileEncoding = 4; lastKnownFileType = sourcecode.cpp.cpp; path = nbest_generator.cpp; sourceTree = "<group>"; };
		5148FE6A2C88131B003BA6C4 /* feature_index.h */ = {isa = PBXFileReference; fileEncoding = 4; lastKnownFileType = sourcecode.c.h; path = feature_index.h; sourceTree = "<group>"; };
		5148FE6B2C88131B003BA6C4 /* config.h */ = {isa = PBXFileReference; fileEncoding = 4; lastKnownFileType = sourcecode.c.h; path = config.h; sourceTree = "<group>"; };
		5148FE6C2C88131B003BA6C4 /* learner_node.h */ = {isa = PBXFileReference; fileEncoding = 4; lastKnownFileType = sourcecode.c.h; path = learner_node.h; sourceTree = "<group>"; };
		5148FE6D2C88131B003BA6C4 /* dictionary_rewriter.h */ = {isa = PBXFileReference; fileEncoding = 4; lastKnownFileType = sourcecode.c.h; path = dictionary_rewriter.h; sourceTree = "<group>"; };
		5148FE6E2C88131B003BA6C4 /* mecab-cost-train.cpp */ = {isa = PBXFileReference; fileEncoding = 4; lastKnownFileType = sourcecode.cpp.cpp; path = "mecab-cost-train.cpp"; sourceTree = "<group>"; };
		5148FE6F2C88131B003BA6C4 /* feature_index.cpp */ = {isa = PBXFileReference; fileEncoding = 4; lastKnownFileType = sourcecode.cpp.cpp; path = feature_index.cpp; sourceTree = "<group>"; };
		5148FE702C88131B003BA6C4 /* ucs.h */ = {isa = PBXFileReference; fileEncoding = 4; lastKnownFileType = sourcecode.c.h; path = ucs.h; sourceTree = "<group>"; };
		5148FE712C88131B003BA6C4 /* char_property.cpp */ = {isa = PBXFileReference; fileEncoding = 4; lastKnownFileType = sourcecode.cpp.cpp; path = char_property.cpp; sourceTree = "<group>"; };
		5148FE722C88131B003BA6C4 /* mecab-test-gen.cpp */ = {isa = PBXFileReference; fileEncoding = 4; lastKnownFileType = sourcecode.cpp.cpp; path = "mecab-test-gen.cpp"; sourceTree = "<group>"; };
		5148FE732C88131B003BA6C4 /* tokenizer.h */ = {isa = PBXFileReference; fileEncoding = 4; lastKnownFileType = sourcecode.c.h; path = tokenizer.h; sourceTree = "<group>"; };
		5148FE742C88131B003BA6C4 /* tokenizer.cpp */ = {isa = PBXFileReference; fileEncoding = 4; lastKnownFileType = sourcecode.cpp.cpp; path = tokenizer.cpp; sourceTree = "<group>"; };
		5148FE752C88131B003BA6C4 /* lbfgs.h */ = {isa = PBXFileReference; fileEncoding = 4; lastKnownFileType = sourcecode.c.h; path = lbfgs.h; sourceTree = "<group>"; };
		5148FE762C88131B003BA6C4 /* dictionary_compiler.cpp */ = {isa = PBXFileReference; fileEncoding = 4; lastKnownFileType = sourcecode.cpp.cpp; path = dictionary_compiler.cpp; sourceTree = "<group>"; };
		5148FE772C88131B003BA6C4 /* thread.h */ = {isa = PBXFileReference; fileEncoding = 4; lastKnownFileType = sourcecode.c.h; path = thread.h; sourceTree = "<group>"; };
		5148FE782C88131B003BA6C4 /* stream_wrapper.h */ = {isa = PBXFileReference; fileEncoding = 4; lastKnownFileType = sourcecode.c.h; path = stream_wrapper.h; sourceTree = "<group>"; };
		5148FE792C88131B003BA6C4 /* dictionary_rewriter.cpp */ = {isa = PBXFileReference; fileEncoding = 4; lastKnownFileType = sourcecode.cpp.cpp; path = dictionary_rewriter.cpp; sourceTree = "<group>"; };
		5148FE7A2C88131B003BA6C4 /* param.h */ = {isa = PBXFileReference; fileEncoding = 4; lastKnownFileType = sourcecode.c.h; path = param.h; sourceTree = "<group>"; };
		5148FE7B2C88131B003BA6C4 /* common.h */ = {isa = PBXFileReference; fileEncoding = 4; lastKnownFileType = sourcecode.c.h; path = common.h; sourceTree = "<group>"; };
		5148FE7C2C88131B003BA6C4 /* string_buffer.cpp */ = {isa = PBXFileReference; fileEncoding = 4; lastKnownFileType = sourcecode.cpp.cpp; path = string_buffer.cpp; sourceTree = "<group>"; };
		5148FE7D2C88131B003BA6C4 /* dictionary.h */ = {isa = PBXFileReference; fileEncoding = 4; lastKnownFileType = sourcecode.c.h; path = dictionary.h; sourceTree = "<group>"; };
		5148FE7E2C88131B003BA6C4 /* string_buffer.h */ = {isa = PBXFileReference; fileEncoding = 4; lastKnownFileType = sourcecode.c.h; path = string_buffer.h; sourceTree = "<group>"; };
		5148FE7F2C88131B003BA6C4 /* learner_tagger.cpp */ = {isa = PBXFileReference; fileEncoding = 4; lastKnownFileType = sourcecode.cpp.cpp; path = learner_tagger.cpp; sourceTree = "<group>"; };
		5148FE802C88131B003BA6C4 /* param.cpp */ = {isa = PBXFileReference; fileEncoding = 4; lastKnownFileType = sourcecode.cpp.cpp; path = param.cpp; sourceTree = "<group>"; };
		5148FE812C88131B003BA6C4 /* viterbi.cpp */ = {isa = PBXFileReference; fileEncoding = 4; lastKnownFileType = sourcecode.cpp.cpp; path = viterbi.cpp; sourceTree = "<group>"; };
		5148FE822C88131B003BA6C4 /* connector.cpp */ = {isa = PBXFileReference; fileEncoding = 4; lastKnownFileType = sourcecode.cpp.cpp; path = connector.cpp; sourceTree = "<group>"; };
		5148FE832C88131B003BA6C4 /* libmecab.cpp */ = {isa = PBXFileReference; fileEncoding = 4; lastKnownFileType = sourcecode.cpp.cpp; path = libmecab.cpp; sourceTree = "<group>"; };
		5148FE842C88131B003BA6C4 /* mecab-system-eval.cpp */ = {isa = PBXFileReference; fileEncoding = 4; lastKnownFileType = sourcecode.cpp.cpp; path = "mecab-system-eval.cpp"; sourceTree = "<group>"; };
		5148FE852C88131B003BA6C4 /* connector.h */ = {isa = PBXFileReference; fileEncoding = 4; lastKnownFileType = sourcecode.c.h; path = connector.h; sourceTree = "<group>"; };
		5148FE862C88131B003BA6C4 /* writer.h */ = {isa = PBXFileReference; fileEncoding = 4; lastKnownFileType = sourcecode.c.h; path = writer.h; sourceTree = "<group>"; };
		5148FE872C88131B003BA6C4 /* mecab-dict-index.cpp */ = {isa = PBXFileReference; fileEncoding = 4; lastKnownFileType = sourcecode.cpp.cpp; path = "mecab-dict-index.cpp"; sourceTree = "<group>"; };
		5148FE882C88131B003BA6C4 /* iconv_utils.h */ = {isa = PBXFileReference; fileEncoding = 4; lastKnownFileType = sourcecode.c.h; path = iconv_utils.h; sourceTree = "<group>"; };
		5148FE892C88131B003BA6C4 /* iconv_utils.cpp */ = {isa = PBXFileReference; fileEncoding = 4; lastKnownFileType = sourcecode.cpp.cpp; path = iconv_utils.cpp; sourceTree = "<group>"; };
		5148FE8A2C88131B003BA6C4 /* mecab.h */ = {isa = PBXFileReference; fileEncoding = 4; lastKnownFileType = sourcecode.c.h; path = mecab.h; sourceTree = "<group>"; };
		5148FE8B2C88131B003BA6C4 /* mmap.h */ = {isa = PBXFileReference; fileEncoding = 4; lastKnownFileType = sourcecode.c.h; path = mmap.h; sourceTree = "<group>"; };
		5148FE8C2C88131B003BA6C4 /* mecab.cpp */ = {isa = PBXFileReference; fileEncoding = 4; lastKnownFileType = sourcecode.cpp.cpp; path = mecab.cpp; sourceTree = "<group>"; };
		5148FE8D2C88131B003BA6C4 /* viterbi.h */ = {isa = PBXFileReference; fileEncoding = 4; lastKnownFileType = sourcecode.c.h; path = viterbi.h; sourceTree = "<group>"; };
		5148FE8E2C88131B003BA6C4 /* eval.cpp */ = {isa = PBXFileReference; fileEncoding = 4; lastKnownFileType = sourcecode.cpp.cpp; path = eval.cpp; sourceTree = "<group>"; };
		5148FE8F2C88131B003BA6C4 /* dictionary.cpp */ = {isa = PBXFileReference; fileEncoding = 4; lastKnownFileType = sourcecode.cpp.cpp; path = dictionary.cpp; sourceTree = "<group>"; };
		5148FE902C88131B003BA6C4 /* writer.cpp */ = {isa = PBXFileReference; fileEncoding = 4; lastKnownFileType = sourcecode.cpp.cpp; path = writer.cpp; sourceTree = "<group>"; };
		5148FE912C88131B003BA6C4 /* context_id.cpp */ = {isa = PBXFileReference; fileEncoding = 4; lastKnownFileType = sourcecode.cpp.cpp; path = context_id.cpp; sourceTree = "<group>"; };
		5148FEB02C88132E003BA6C4 /* rewrite.def */ = {isa = PBXFileReference; fileEncoding = 4; lastKnownFileType = text; path = rewrite.def; sourceTree = "<group>"; };
		5148FEB12C88132E003BA6C4 /* left-id.def */ = {isa = PBXFileReference; fileEncoding = 4; lastKnownFileType = text; path = "left-id.def"; sourceTree = "<group>"; };
		5148FEB22C88132E003BA6C4 /* pos-id.def */ = {isa = PBXFileReference; fileEncoding = 4; lastKnownFileType = text; path = "pos-id.def"; sourceTree = "<group>"; };
		5148FEB32C88132E003BA6C4 /* matrix.bin */ = {isa = PBXFileReference; lastKnownFileType = archive.macbinary; path = matrix.bin; sourceTree = "<group>"; };
		5148FEB42C88132E003BA6C4 /* unk.dic */ = {isa = PBXFileReference; lastKnownFileType = file; path = unk.dic; sourceTree = "<group>"; };
		5148FEB52C88132E003BA6C4 /* sys.dic */ = {isa = PBXFileReference; lastKnownFileType = file; path = sys.dic; sourceTree = "<group>"; };
		5148FEB62C88132E003BA6C4 /* dicrc */ = {isa = PBXFileReference; fileEncoding = 4; lastKnownFileType = text; path = dicrc; sourceTree = "<group>"; };
		5148FEB72C88132E003BA6C4 /* right-id.def */ = {isa = PBXFileReference; fileEncoding = 4; lastKnownFileType = text; path = "right-id.def"; sourceTree = "<group>"; };
		5148FEB82C88132E003BA6C4 /* char.bin */ = {isa = PBXFileReference; lastKnownFileType = archive.macbinary; path = char.bin; sourceTree = "<group>"; };
		51995D61298DDEF5003CA87F /* Maps.plist */ = {isa = PBXFileReference; fileEncoding = 4; lastKnownFileType = text.plist.xml; path = Maps.plist; sourceTree = "<group>"; };
		61AE1DF8728574BC6F7D03A3 /* libPods-ecorismap.a */ = {isa = PBXFileReference; explicitFileType = archive.ar; includeInIndex = 0; path = "libPods-ecorismap.a"; sourceTree = BUILT_PRODUCTS_DIR; };
		AA286B85B6C04FC6940260E9 /* SplashScreen.storyboard */ = {isa = PBXFileReference; fileEncoding = 4; lastKnownFileType = file.storyboard; name = SplashScreen.storyboard; path = ecorismap/SplashScreen.storyboard; sourceTree = "<group>"; };
		BB2F792C24A3F905000567C9 /* Expo.plist */ = {isa = PBXFileReference; fileEncoding = 4; lastKnownFileType = text.plist.xml; path = Expo.plist; sourceTree = "<group>"; };
		D82D29CD6985B7D6B2D770E1 /* Pods-ecorismap.release.xcconfig */ = {isa = PBXFileReference; includeInIndex = 1; lastKnownFileType = text.xcconfig; name = "Pods-ecorismap.release.xcconfig"; path = "Target Support Files/Pods-ecorismap/Pods-ecorismap.release.xcconfig"; sourceTree = "<group>"; };
		DF1690F9327F1AF00FD4EF7F /* Pods-ecorismap.debug.xcconfig */ = {isa = PBXFileReference; includeInIndex = 1; lastKnownFileType = text.xcconfig; name = "Pods-ecorismap.debug.xcconfig"; path = "Target Support Files/Pods-ecorismap/Pods-ecorismap.debug.xcconfig"; sourceTree = "<group>"; };
		ED297162215061F000B7C4FE /* JavaScriptCore.framework */ = {isa = PBXFileReference; lastKnownFileType = wrapper.framework; name = JavaScriptCore.framework; path = System/Library/Frameworks/JavaScriptCore.framework; sourceTree = SDKROOT; };
		EDAD7A659F9BF612AFC274C5 /* PrivacyInfo.xcprivacy */ = {isa = PBXFileReference; includeInIndex = 1; lastKnownFileType = text.xml; name = PrivacyInfo.xcprivacy; path = ecorismap/PrivacyInfo.xcprivacy; sourceTree = "<group>"; };
		FAC715A2D49A985799AEE119 /* ExpoModulesProvider.swift */ = {isa = PBXFileReference; includeInIndex = 1; lastKnownFileType = sourcecode.swift; name = ExpoModulesProvider.swift; path = "Pods/Target Support Files/Pods-ecorismap/ExpoModulesProvider.swift"; sourceTree = "<group>"; };
/* End PBXFileReference section */

/* Begin PBXFrameworksBuildPhase section */
		13B07F8C1A680F5B00A75B9A /* Frameworks */ = {
			isa = PBXFrameworksBuildPhase;
			buildActionMask = 2147483647;
			files = (
				6A6302FF8A3D2051D5FA5EB9 /* libPods-ecorismap.a in Frameworks */,
			);
			runOnlyForDeploymentPostprocessing = 0;
		};
/* End PBXFrameworksBuildPhase section */

/* Begin PBXGroup section */
		13B07FAE1A68108700A75B9A /* ecorismap */ = {
			isa = PBXGroup;
			children = (
				5148FEAF2C88132E003BA6C4 /* ipadic */,
				5148FE572C88131A003BA6C4 /* mecab */,
				51477B4F29DEB2F10005ADC1 /* ecorismap.entitlements */,
				BB2F792B24A3F905000567C9 /* Supporting */,
				008F07F21AC5B25A0029DE68 /* main.jsbundle */,
				13B07FAF1A68108700A75B9A /* AppDelegate.h */,
				13B07FB01A68108700A75B9A /* AppDelegate.mm */,
				13B07FB51A68108700A75B9A /* Images.xcassets */,
				13B07FB61A68108700A75B9A /* Info.plist */,
				13B07FB71A68108700A75B9A /* main.m */,
				AA286B85B6C04FC6940260E9 /* SplashScreen.storyboard */,
				EDAD7A659F9BF612AFC274C5 /* PrivacyInfo.xcprivacy */,
			);
			name = ecorismap;
			sourceTree = "<group>";
		};
		2D16E6871FA4F8E400B85C8A /* Frameworks */ = {
			isa = PBXGroup;
			children = (
				ED297162215061F000B7C4FE /* JavaScriptCore.framework */,
				61AE1DF8728574BC6F7D03A3 /* libPods-ecorismap.a */,
			);
			name = Frameworks;
			sourceTree = "<group>";
		};
		5148FE572C88131A003BA6C4 /* mecab */ = {
			isa = PBXGroup;
			children = (
				5148FE582C88131B003BA6C4 /* scoped_ptr.h */,
				5148FE592C88131B003BA6C4 /* ucstable.h */,
				5148FE5A2C88131B003BA6C4 /* lbfgs.cpp */,
				5148FE5B2C88131B003BA6C4 /* mecab-dict-gen.cpp */,
				5148FE5C2C88131B003BA6C4 /* learner_tagger.h */,
				5148FE5D2C88131B003BA6C4 /* learner.cpp */,
				5148FE5E2C88131B003BA6C4 /* mecabrc */,
				5148FE5F2C88131B003BA6C4 /* freelist.h */,
				5148FE602C88131B003BA6C4 /* utils.h */,
				5148FE612C88131B003BA6C4 /* dictionary_generator.cpp */,
				5148FE622C88131B003BA6C4 /* winmain.h */,
				5148FE632C88131B003BA6C4 /* utils.cpp */,
				5148FE642C88131B003BA6C4 /* char_property.h */,
				5148FE652C88131B003BA6C4 /* tagger.cpp */,
				5148FE662C88131B003BA6C4 /* nbest_generator.h */,
				5148FE672C88131B003BA6C4 /* darts.h */,
				5148FE682C88131B003BA6C4 /* context_id.h */,
				5148FE692C88131B003BA6C4 /* nbest_generator.cpp */,
				5148FE6A2C88131B003BA6C4 /* feature_index.h */,
				5148FE6B2C88131B003BA6C4 /* config.h */,
				5148FE6C2C88131B003BA6C4 /* learner_node.h */,
				5148FE6D2C88131B003BA6C4 /* dictionary_rewriter.h */,
				5148FE6E2C88131B003BA6C4 /* mecab-cost-train.cpp */,
				5148FE6F2C88131B003BA6C4 /* feature_index.cpp */,
				5148FE702C88131B003BA6C4 /* ucs.h */,
				5148FE712C88131B003BA6C4 /* char_property.cpp */,
				5148FE722C88131B003BA6C4 /* mecab-test-gen.cpp */,
				5148FE732C88131B003BA6C4 /* tokenizer.h */,
				5148FE742C88131B003BA6C4 /* tokenizer.cpp */,
				5148FE752C88131B003BA6C4 /* lbfgs.h */,
				5148FE762C88131B003BA6C4 /* dictionary_compiler.cpp */,
				5148FE772C88131B003BA6C4 /* thread.h */,
				5148FE782C88131B003BA6C4 /* stream_wrapper.h */,
				5148FE792C88131B003BA6C4 /* dictionary_rewriter.cpp */,
				5148FE7A2C88131B003BA6C4 /* param.h */,
				5148FE7B2C88131B003BA6C4 /* common.h */,
				5148FE7C2C88131B003BA6C4 /* string_buffer.cpp */,
				5148FE7D2C88131B003BA6C4 /* dictionary.h */,
				5148FE7E2C88131B003BA6C4 /* string_buffer.h */,
				5148FE7F2C88131B003BA6C4 /* learner_tagger.cpp */,
				5148FE802C88131B003BA6C4 /* param.cpp */,
				5148FE812C88131B003BA6C4 /* viterbi.cpp */,
				5148FE822C88131B003BA6C4 /* connector.cpp */,
				5148FE832C88131B003BA6C4 /* libmecab.cpp */,
				5148FE842C88131B003BA6C4 /* mecab-system-eval.cpp */,
				5148FE852C88131B003BA6C4 /* connector.h */,
				5148FE862C88131B003BA6C4 /* writer.h */,
				5148FE872C88131B003BA6C4 /* mecab-dict-index.cpp */,
				5148FE882C88131B003BA6C4 /* iconv_utils.h */,
				5148FE892C88131B003BA6C4 /* iconv_utils.cpp */,
				5148FE8A2C88131B003BA6C4 /* mecab.h */,
				5148FE8B2C88131B003BA6C4 /* mmap.h */,
				5148FE8C2C88131B003BA6C4 /* mecab.cpp */,
				5148FE8D2C88131B003BA6C4 /* viterbi.h */,
				5148FE8E2C88131B003BA6C4 /* eval.cpp */,
				5148FE8F2C88131B003BA6C4 /* dictionary.cpp */,
				5148FE902C88131B003BA6C4 /* writer.cpp */,
				5148FE912C88131B003BA6C4 /* context_id.cpp */,
			);
			name = mecab;
			path = "../node_modules/react-native-japanese-text-analyzer/ios/mecab";
			sourceTree = "<group>";
		};
		5148FEAF2C88132E003BA6C4 /* ipadic */ = {
			isa = PBXGroup;
			children = (
				5148FEB02C88132E003BA6C4 /* rewrite.def */,
				5148FEB12C88132E003BA6C4 /* left-id.def */,
				5148FEB22C88132E003BA6C4 /* pos-id.def */,
				5148FEB32C88132E003BA6C4 /* matrix.bin */,
				5148FEB42C88132E003BA6C4 /* unk.dic */,
				5148FEB52C88132E003BA6C4 /* sys.dic */,
				5148FEB62C88132E003BA6C4 /* dicrc */,
				5148FEB72C88132E003BA6C4 /* right-id.def */,
				5148FEB82C88132E003BA6C4 /* char.bin */,
			);
			name = ipadic;
			path = "../node_modules/react-native-japanese-text-analyzer/ios/ipadic";
			sourceTree = "<group>";
		};
		832341AE1AAA6A7D00B99B32 /* Libraries */ = {
			isa = PBXGroup;
			children = (
			);
			name = Libraries;
			sourceTree = "<group>";
		};
		83CBB9F61A601CBA00E9B192 = {
			isa = PBXGroup;
			children = (
				13B07FAE1A68108700A75B9A /* ecorismap */,
				832341AE1AAA6A7D00B99B32 /* Libraries */,
				83CBBA001A601CBA00E9B192 /* Products */,
				2D16E6871FA4F8E400B85C8A /* Frameworks */,
				D65327D7A22EEC0BE12398D9 /* Pods */,
				D7E4C46ADA2E9064B798F356 /* ExpoModulesProviders */,
			);
			indentWidth = 2;
			sourceTree = "<group>";
			tabWidth = 2;
			usesTabs = 0;
		};
		83CBBA001A601CBA00E9B192 /* Products */ = {
			isa = PBXGroup;
			children = (
				13B07F961A680F5B00A75B9A /* ecorismap.app */,
			);
			name = Products;
			sourceTree = "<group>";
		};
		92DBD88DE9BF7D494EA9DA96 /* ecorismap */ = {
			isa = PBXGroup;
			children = (
				FAC715A2D49A985799AEE119 /* ExpoModulesProvider.swift */,
			);
			name = ecorismap;
			sourceTree = "<group>";
		};
		BB2F792B24A3F905000567C9 /* Supporting */ = {
			isa = PBXGroup;
			children = (
				51995D61298DDEF5003CA87F /* Maps.plist */,
				BB2F792C24A3F905000567C9 /* Expo.plist */,
			);
			name = Supporting;
			path = ecorismap/Supporting;
			sourceTree = "<group>";
		};
		D65327D7A22EEC0BE12398D9 /* Pods */ = {
			isa = PBXGroup;
			children = (
				DF1690F9327F1AF00FD4EF7F /* Pods-ecorismap.debug.xcconfig */,
				D82D29CD6985B7D6B2D770E1 /* Pods-ecorismap.release.xcconfig */,
			);
			path = Pods;
			sourceTree = "<group>";
		};
		D7E4C46ADA2E9064B798F356 /* ExpoModulesProviders */ = {
			isa = PBXGroup;
			children = (
				92DBD88DE9BF7D494EA9DA96 /* ecorismap */,
			);
			name = ExpoModulesProviders;
			sourceTree = "<group>";
		};
/* End PBXGroup section */

/* Begin PBXNativeTarget section */
		13B07F861A680F5B00A75B9A /* ecorismap */ = {
			isa = PBXNativeTarget;
			buildConfigurationList = 13B07F931A680F5B00A75B9A /* Build configuration list for PBXNativeTarget "ecorismap" */;
			buildPhases = (
				B2B4C3E1C32E983266CA2996 /* [CP] Check Pods Manifest.lock */,
				FBC148EFF6B7B7C6F7A78BD9 /* [Expo] Configure project */,
				13B07F871A680F5B00A75B9A /* Sources */,
				13B07F8C1A680F5B00A75B9A /* Frameworks */,
				13B07F8E1A680F5B00A75B9A /* Resources */,
				00DD1BFF1BD5951E006B06BC /* Bundle React Native code and images */,
				1D8F5B55FE6789634B372C56 /* [CP] Embed Pods Frameworks */,
				0121B391F04E84F9C783F4B7 /* [CP] Copy Pods Resources */,
			);
			buildRules = (
			);
			dependencies = (
			);
			name = ecorismap;
			productName = ecorismap;
			productReference = 13B07F961A680F5B00A75B9A /* ecorismap.app */;
			productType = "com.apple.product-type.application";
		};
/* End PBXNativeTarget section */

/* Begin PBXProject section */
		83CBB9F71A601CBA00E9B192 /* Project object */ = {
			isa = PBXProject;
			attributes = {
				LastUpgradeCheck = 1420;
				TargetAttributes = {
					13B07F861A680F5B00A75B9A = {
						DevelopmentTeam = V5G4AV2NNZ;
						LastSwiftMigration = 1250;
					};
				};
			};
			buildConfigurationList = 83CBB9FA1A601CBA00E9B192 /* Build configuration list for PBXProject "ecorismap" */;
			compatibilityVersion = "Xcode 3.2";
			developmentRegion = en;
			hasScannedForEncodings = 0;
			knownRegions = (
				en,
				Base,
			);
			mainGroup = 83CBB9F61A601CBA00E9B192;
			productRefGroup = 83CBBA001A601CBA00E9B192 /* Products */;
			projectDirPath = "";
			projectRoot = "";
			targets = (
				13B07F861A680F5B00A75B9A /* ecorismap */,
			);
		};
/* End PBXProject section */

/* Begin PBXResourcesBuildPhase section */
		13B07F8E1A680F5B00A75B9A /* Resources */ = {
			isa = PBXResourcesBuildPhase;
			buildActionMask = 2147483647;
			files = (
				5148FEBE2C88132E003BA6C4 /* sys.dic in Resources */,
				5148FEBC2C88132E003BA6C4 /* matrix.bin in Resources */,
				5148FE952C88131B003BA6C4 /* mecabrc in Resources */,
				5148FEC02C88132E003BA6C4 /* right-id.def in Resources */,
				5148FEBD2C88132E003BA6C4 /* unk.dic in Resources */,
				5148FEBB2C88132E003BA6C4 /* pos-id.def in Resources */,
				5148FEBF2C88132E003BA6C4 /* dicrc in Resources */,
				BB2F792D24A3F905000567C9 /* Expo.plist in Resources */,
				5148FEB92C88132E003BA6C4 /* rewrite.def in Resources */,
				51995D62298DDEF5003CA87F /* Maps.plist in Resources */,
				13B07FBF1A68108700A75B9A /* Images.xcassets in Resources */,
				5148FEBA2C88132E003BA6C4 /* left-id.def in Resources */,
				3E461D99554A48A4959DE609 /* SplashScreen.storyboard in Resources */,
				5148FEC12C88132E003BA6C4 /* char.bin in Resources */,
				083C6F17614D891EC0073648 /* PrivacyInfo.xcprivacy in Resources */,
			);
			runOnlyForDeploymentPostprocessing = 0;
		};
/* End PBXResourcesBuildPhase section */

/* Begin PBXShellScriptBuildPhase section */
		00DD1BFF1BD5951E006B06BC /* Bundle React Native code and images */ = {
			isa = PBXShellScriptBuildPhase;
			buildActionMask = 2147483647;
			files = (
			);
			inputPaths = (
			);
			name = "Bundle React Native code and images";
			outputPaths = (
			);
			runOnlyForDeploymentPostprocessing = 0;
			shellPath = /bin/sh;
			shellScript = "set -e\n\nWITH_ENVIRONMENT=\"$REACT_NATIVE_PATH/scripts/xcode/with-environment.sh\"\nREACT_NATIVE_XCODE=\"$REACT_NATIVE_PATH/scripts/react-native-xcode.sh\"\nNODE_BINARY=/Users/mizutani/.anyenv/envs/nodenv/shims/node\n/bin/sh -c \"$WITH_ENVIRONMENT $REACT_NATIVE_XCODE $NODE_BINARY\"\n\n";
		};
		0121B391F04E84F9C783F4B7 /* [CP] Copy Pods Resources */ = {
			isa = PBXShellScriptBuildPhase;
			buildActionMask = 2147483647;
			files = (
			);
			inputPaths = (
				"${PODS_ROOT}/Target Support Files/Pods-ecorismap/Pods-ecorismap-resources.sh",
				"${PODS_CONFIGURATION_BUILD_DIR}/EXApplication/ExpoApplication_privacy.bundle",
				"${PODS_CONFIGURATION_BUILD_DIR}/EXConstants/EXConstants.bundle",
				"${PODS_CONFIGURATION_BUILD_DIR}/EXConstants/ExpoConstants_privacy.bundle",
				"${PODS_CONFIGURATION_BUILD_DIR}/EXNotifications/ExpoNotifications_privacy.bundle",
				"${PODS_CONFIGURATION_BUILD_DIR}/EXTaskManager/ExpoTaskManager_privacy.bundle",
				"${PODS_CONFIGURATION_BUILD_DIR}/ExpoFileSystem/ExpoFileSystem_privacy.bundle",
				"${PODS_CONFIGURATION_BUILD_DIR}/ExpoLocalization/ExpoLocalization_privacy.bundle",
				"${PODS_CONFIGURATION_BUILD_DIR}/ExpoMediaLibrary/ExpoMediaLibrary_privacy.bundle",
				"${PODS_ROOT}/GoogleMaps/Maps/Frameworks/GoogleMaps.xcframework/ios-arm64/GoogleMaps.framework/Resources/GoogleMaps.bundle",
				"${PODS_ROOT}/GoogleMaps/Maps/Frameworks/GoogleMaps.xcframework/ios-arm64_x86_64-simulator/GoogleMaps.framework/Resources/GoogleMaps.bundle",
				"${PODS_CONFIGURATION_BUILD_DIR}/Protobuf/Protobuf_Privacy.bundle",
				"${PODS_CONFIGURATION_BUILD_DIR}/RNCAsyncStorage/RNCAsyncStorage_resources.bundle",
				"${PODS_CONFIGURATION_BUILD_DIR}/RNDeviceInfo/RNDeviceInfoPrivacyInfo.bundle",
				"${PODS_ROOT}/../../node_modules/react-native-vector-icons/Fonts/AntDesign.ttf",
				"${PODS_ROOT}/../../node_modules/react-native-vector-icons/Fonts/Entypo.ttf",
				"${PODS_ROOT}/../../node_modules/react-native-vector-icons/Fonts/EvilIcons.ttf",
				"${PODS_ROOT}/../../node_modules/react-native-vector-icons/Fonts/Feather.ttf",
				"${PODS_ROOT}/../../node_modules/react-native-vector-icons/Fonts/FontAwesome.ttf",
				"${PODS_ROOT}/../../node_modules/react-native-vector-icons/Fonts/FontAwesome5_Brands.ttf",
				"${PODS_ROOT}/../../node_modules/react-native-vector-icons/Fonts/FontAwesome5_Regular.ttf",
				"${PODS_ROOT}/../../node_modules/react-native-vector-icons/Fonts/FontAwesome5_Solid.ttf",
				"${PODS_ROOT}/../../node_modules/react-native-vector-icons/Fonts/FontAwesome6_Brands.ttf",
				"${PODS_ROOT}/../../node_modules/react-native-vector-icons/Fonts/FontAwesome6_Regular.ttf",
				"${PODS_ROOT}/../../node_modules/react-native-vector-icons/Fonts/FontAwesome6_Solid.ttf",
				"${PODS_ROOT}/../../node_modules/react-native-vector-icons/Fonts/Fontisto.ttf",
				"${PODS_ROOT}/../../node_modules/react-native-vector-icons/Fonts/Foundation.ttf",
				"${PODS_ROOT}/../../node_modules/react-native-vector-icons/Fonts/Ionicons.ttf",
				"${PODS_ROOT}/../../node_modules/react-native-vector-icons/Fonts/MaterialCommunityIcons.ttf",
				"${PODS_ROOT}/../../node_modules/react-native-vector-icons/Fonts/MaterialIcons.ttf",
				"${PODS_ROOT}/../../node_modules/react-native-vector-icons/Fonts/Octicons.ttf",
				"${PODS_ROOT}/../../node_modules/react-native-vector-icons/Fonts/SimpleLineIcons.ttf",
				"${PODS_ROOT}/../../node_modules/react-native-vector-icons/Fonts/Zocial.ttf",
				"${PODS_CONFIGURATION_BUILD_DIR}/React-Core/RCTI18nStrings.bundle",
				"${PODS_CONFIGURATION_BUILD_DIR}/SDWebImage/SDWebImage.bundle",
				"${PODS_ROOT}/../../node_modules/react-native-gdalwarp/ios/share/gdal/cubewerx_extra.wkt",
				"${PODS_ROOT}/../../node_modules/react-native-gdalwarp/ios/share/gdal/default.rsc",
				"${PODS_ROOT}/../../node_modules/react-native-gdalwarp/ios/share/gdal/ecw_cs.wkt",
				"${PODS_ROOT}/../../node_modules/react-native-gdalwarp/ios/share/gdal/epsg.wkt",
				"${PODS_ROOT}/../../node_modules/react-native-gdalwarp/ios/share/gdal/esri_StatePlane_extra.wkt",
				"${PODS_ROOT}/../../node_modules/react-native-gdalwarp/ios/share/gdal/gdalicon.png",
				"${PODS_ROOT}/../../node_modules/react-native-gdalwarp/ios/share/gdal/gdalinfo_output.schema.json",
				"${PODS_ROOT}/../../node_modules/react-native-gdalwarp/ios/share/gdal/GDALLogoBW.svg",
				"${PODS_ROOT}/../../node_modules/react-native-gdalwarp/ios/share/gdal/GDALLogoColor.svg",
				"${PODS_ROOT}/../../node_modules/react-native-gdalwarp/ios/share/gdal/GDALLogoGS.svg",
				"${PODS_ROOT}/../../node_modules/react-native-gdalwarp/ios/share/gdal/gdalmdiminfo_output.schema.json",
				"${PODS_ROOT}/../../node_modules/react-native-gdalwarp/ios/share/gdal/gdaltileindex.xsd",
				"${PODS_ROOT}/../../node_modules/react-native-gdalwarp/ios/share/gdal/gdalvrt.xsd",
				"${PODS_ROOT}/../../node_modules/react-native-gdalwarp/ios/share/gdal/gfs.xsd",
				"${PODS_ROOT}/../../node_modules/react-native-gdalwarp/ios/share/gdal/gml_registry.xml",
				"${PODS_ROOT}/../../node_modules/react-native-gdalwarp/ios/share/gdal/gml_registry.xsd",
				"${PODS_ROOT}/../../node_modules/react-native-gdalwarp/ios/share/gdal/grib2_center.csv",
				"${PODS_ROOT}/../../node_modules/react-native-gdalwarp/ios/share/gdal/grib2_process.csv",
				"${PODS_ROOT}/../../node_modules/react-native-gdalwarp/ios/share/gdal/grib2_subcenter.csv",
				"${PODS_ROOT}/../../node_modules/react-native-gdalwarp/ios/share/gdal/grib2_table_4_2_0_0.csv",
				"${PODS_ROOT}/../../node_modules/react-native-gdalwarp/ios/share/gdal/grib2_table_4_2_0_1.csv",
				"${PODS_ROOT}/../../node_modules/react-native-gdalwarp/ios/share/gdal/grib2_table_4_2_0_13.csv",
				"${PODS_ROOT}/../../node_modules/react-native-gdalwarp/ios/share/gdal/grib2_table_4_2_0_14.csv",
				"${PODS_ROOT}/../../node_modules/react-native-gdalwarp/ios/share/gdal/grib2_table_4_2_0_15.csv",
				"${PODS_ROOT}/../../node_modules/react-native-gdalwarp/ios/share/gdal/grib2_table_4_2_0_16.csv",
				"${PODS_ROOT}/../../node_modules/react-native-gdalwarp/ios/share/gdal/grib2_table_4_2_0_17.csv",
				"${PODS_ROOT}/../../node_modules/react-native-gdalwarp/ios/share/gdal/grib2_table_4_2_0_18.csv",
				"${PODS_ROOT}/../../node_modules/react-native-gdalwarp/ios/share/gdal/grib2_table_4_2_0_19.csv",
				"${PODS_ROOT}/../../node_modules/react-native-gdalwarp/ios/share/gdal/grib2_table_4_2_0_190.csv",
				"${PODS_ROOT}/../../node_modules/react-native-gdalwarp/ios/share/gdal/grib2_table_4_2_0_191.csv",
				"${PODS_ROOT}/../../node_modules/react-native-gdalwarp/ios/share/gdal/grib2_table_4_2_0_2.csv",
				"${PODS_ROOT}/../../node_modules/react-native-gdalwarp/ios/share/gdal/grib2_table_4_2_0_20.csv",
				"${PODS_ROOT}/../../node_modules/react-native-gdalwarp/ios/share/gdal/grib2_table_4_2_0_21.csv",
				"${PODS_ROOT}/../../node_modules/react-native-gdalwarp/ios/share/gdal/grib2_table_4_2_0_3.csv",
				"${PODS_ROOT}/../../node_modules/react-native-gdalwarp/ios/share/gdal/grib2_table_4_2_0_4.csv",
				"${PODS_ROOT}/../../node_modules/react-native-gdalwarp/ios/share/gdal/grib2_table_4_2_0_5.csv",
				"${PODS_ROOT}/../../node_modules/react-native-gdalwarp/ios/share/gdal/grib2_table_4_2_0_6.csv",
				"${PODS_ROOT}/../../node_modules/react-native-gdalwarp/ios/share/gdal/grib2_table_4_2_0_7.csv",
				"${PODS_ROOT}/../../node_modules/react-native-gdalwarp/ios/share/gdal/grib2_table_4_2_10_0.csv",
				"${PODS_ROOT}/../../node_modules/react-native-gdalwarp/ios/share/gdal/grib2_table_4_2_10_1.csv",
				"${PODS_ROOT}/../../node_modules/react-native-gdalwarp/ios/share/gdal/grib2_table_4_2_10_191.csv",
				"${PODS_ROOT}/../../node_modules/react-native-gdalwarp/ios/share/gdal/grib2_table_4_2_10_2.csv",
				"${PODS_ROOT}/../../node_modules/react-native-gdalwarp/ios/share/gdal/grib2_table_4_2_10_3.csv",
				"${PODS_ROOT}/../../node_modules/react-native-gdalwarp/ios/share/gdal/grib2_table_4_2_10_4.csv",
				"${PODS_ROOT}/../../node_modules/react-native-gdalwarp/ios/share/gdal/grib2_table_4_2_1_0.csv",
				"${PODS_ROOT}/../../node_modules/react-native-gdalwarp/ios/share/gdal/grib2_table_4_2_1_1.csv",
				"${PODS_ROOT}/../../node_modules/react-native-gdalwarp/ios/share/gdal/grib2_table_4_2_1_2.csv",
				"${PODS_ROOT}/../../node_modules/react-native-gdalwarp/ios/share/gdal/grib2_table_4_2_20_0.csv",
				"${PODS_ROOT}/../../node_modules/react-native-gdalwarp/ios/share/gdal/grib2_table_4_2_20_1.csv",
				"${PODS_ROOT}/../../node_modules/react-native-gdalwarp/ios/share/gdal/grib2_table_4_2_20_2.csv",
				"${PODS_ROOT}/../../node_modules/react-native-gdalwarp/ios/share/gdal/grib2_table_4_2_2_0.csv",
				"${PODS_ROOT}/../../node_modules/react-native-gdalwarp/ios/share/gdal/grib2_table_4_2_2_3.csv",
				"${PODS_ROOT}/../../node_modules/react-native-gdalwarp/ios/share/gdal/grib2_table_4_2_2_4.csv",
				"${PODS_ROOT}/../../node_modules/react-native-gdalwarp/ios/share/gdal/grib2_table_4_2_2_5.csv",
				"${PODS_ROOT}/../../node_modules/react-native-gdalwarp/ios/share/gdal/grib2_table_4_2_2_6.csv",
				"${PODS_ROOT}/../../node_modules/react-native-gdalwarp/ios/share/gdal/grib2_table_4_2_3_0.csv",
				"${PODS_ROOT}/../../node_modules/react-native-gdalwarp/ios/share/gdal/grib2_table_4_2_3_1.csv",
				"${PODS_ROOT}/../../node_modules/react-native-gdalwarp/ios/share/gdal/grib2_table_4_2_3_2.csv",
				"${PODS_ROOT}/../../node_modules/react-native-gdalwarp/ios/share/gdal/grib2_table_4_2_3_3.csv",
				"${PODS_ROOT}/../../node_modules/react-native-gdalwarp/ios/share/gdal/grib2_table_4_2_3_4.csv",
				"${PODS_ROOT}/../../node_modules/react-native-gdalwarp/ios/share/gdal/grib2_table_4_2_3_5.csv",
				"${PODS_ROOT}/../../node_modules/react-native-gdalwarp/ios/share/gdal/grib2_table_4_2_3_6.csv",
				"${PODS_ROOT}/../../node_modules/react-native-gdalwarp/ios/share/gdal/grib2_table_4_2_4_0.csv",
				"${PODS_ROOT}/../../node_modules/react-native-gdalwarp/ios/share/gdal/grib2_table_4_2_4_1.csv",
				"${PODS_ROOT}/../../node_modules/react-native-gdalwarp/ios/share/gdal/grib2_table_4_2_4_10.csv",
				"${PODS_ROOT}/../../node_modules/react-native-gdalwarp/ios/share/gdal/grib2_table_4_2_4_2.csv",
				"${PODS_ROOT}/../../node_modules/react-native-gdalwarp/ios/share/gdal/grib2_table_4_2_4_3.csv",
				"${PODS_ROOT}/../../node_modules/react-native-gdalwarp/ios/share/gdal/grib2_table_4_2_4_4.csv",
				"${PODS_ROOT}/../../node_modules/react-native-gdalwarp/ios/share/gdal/grib2_table_4_2_4_5.csv",
				"${PODS_ROOT}/../../node_modules/react-native-gdalwarp/ios/share/gdal/grib2_table_4_2_4_6.csv",
				"${PODS_ROOT}/../../node_modules/react-native-gdalwarp/ios/share/gdal/grib2_table_4_2_4_7.csv",
				"${PODS_ROOT}/../../node_modules/react-native-gdalwarp/ios/share/gdal/grib2_table_4_2_4_8.csv",
				"${PODS_ROOT}/../../node_modules/react-native-gdalwarp/ios/share/gdal/grib2_table_4_2_4_9.csv",
				"${PODS_ROOT}/../../node_modules/react-native-gdalwarp/ios/share/gdal/grib2_table_4_2_local_Canada.csv",
				"${PODS_ROOT}/../../node_modules/react-native-gdalwarp/ios/share/gdal/grib2_table_4_2_local_HPC.csv",
				"${PODS_ROOT}/../../node_modules/react-native-gdalwarp/ios/share/gdal/grib2_table_4_2_local_index.csv",
				"${PODS_ROOT}/../../node_modules/react-native-gdalwarp/ios/share/gdal/grib2_table_4_2_local_MRMS.csv",
				"${PODS_ROOT}/../../node_modules/react-native-gdalwarp/ios/share/gdal/grib2_table_4_2_local_NCEP.csv",
				"${PODS_ROOT}/../../node_modules/react-native-gdalwarp/ios/share/gdal/grib2_table_4_2_local_NDFD.csv",
				"${PODS_ROOT}/../../node_modules/react-native-gdalwarp/ios/share/gdal/grib2_table_4_5.csv",
				"${PODS_ROOT}/../../node_modules/react-native-gdalwarp/ios/share/gdal/grib2_table_versions.csv",
				"${PODS_ROOT}/../../node_modules/react-native-gdalwarp/ios/share/gdal/gt_datum.csv",
				"${PODS_ROOT}/../../node_modules/react-native-gdalwarp/ios/share/gdal/gt_ellips.csv",
				"${PODS_ROOT}/../../node_modules/react-native-gdalwarp/ios/share/gdal/header.dxf",
				"${PODS_ROOT}/../../node_modules/react-native-gdalwarp/ios/share/gdal/inspire_cp_BasicPropertyUnit.gfs",
				"${PODS_ROOT}/../../node_modules/react-native-gdalwarp/ios/share/gdal/inspire_cp_CadastralBoundary.gfs",
				"${PODS_ROOT}/../../node_modules/react-native-gdalwarp/ios/share/gdal/inspire_cp_CadastralParcel.gfs",
				"${PODS_ROOT}/../../node_modules/react-native-gdalwarp/ios/share/gdal/inspire_cp_CadastralZoning.gfs",
				"${PODS_ROOT}/../../node_modules/react-native-gdalwarp/ios/share/gdal/jpfgdgml_AdmArea.gfs",
				"${PODS_ROOT}/../../node_modules/react-native-gdalwarp/ios/share/gdal/jpfgdgml_AdmBdry.gfs",
				"${PODS_ROOT}/../../node_modules/react-native-gdalwarp/ios/share/gdal/jpfgdgml_AdmPt.gfs",
				"${PODS_ROOT}/../../node_modules/react-native-gdalwarp/ios/share/gdal/jpfgdgml_BldA.gfs",
				"${PODS_ROOT}/../../node_modules/react-native-gdalwarp/ios/share/gdal/jpfgdgml_BldL.gfs",
				"${PODS_ROOT}/../../node_modules/react-native-gdalwarp/ios/share/gdal/jpfgdgml_Cntr.gfs",
				"${PODS_ROOT}/../../node_modules/react-native-gdalwarp/ios/share/gdal/jpfgdgml_CommBdry.gfs",
				"${PODS_ROOT}/../../node_modules/react-native-gdalwarp/ios/share/gdal/jpfgdgml_CommPt.gfs",
				"${PODS_ROOT}/../../node_modules/react-native-gdalwarp/ios/share/gdal/jpfgdgml_Cstline.gfs",
				"${PODS_ROOT}/../../node_modules/react-native-gdalwarp/ios/share/gdal/jpfgdgml_ElevPt.gfs",
				"${PODS_ROOT}/../../node_modules/react-native-gdalwarp/ios/share/gdal/jpfgdgml_GCP.gfs",
				"${PODS_ROOT}/../../node_modules/react-native-gdalwarp/ios/share/gdal/jpfgdgml_LeveeEdge.gfs",
				"${PODS_ROOT}/../../node_modules/react-native-gdalwarp/ios/share/gdal/jpfgdgml_RailCL.gfs",
				"${PODS_ROOT}/../../node_modules/react-native-gdalwarp/ios/share/gdal/jpfgdgml_RdArea.gfs",
				"${PODS_ROOT}/../../node_modules/react-native-gdalwarp/ios/share/gdal/jpfgdgml_RdASL.gfs",
				"${PODS_ROOT}/../../node_modules/react-native-gdalwarp/ios/share/gdal/jpfgdgml_RdCompt.gfs",
				"${PODS_ROOT}/../../node_modules/react-native-gdalwarp/ios/share/gdal/jpfgdgml_RdEdg.gfs",
				"${PODS_ROOT}/../../node_modules/react-native-gdalwarp/ios/share/gdal/jpfgdgml_RdMgtBdry.gfs",
				"${PODS_ROOT}/../../node_modules/react-native-gdalwarp/ios/share/gdal/jpfgdgml_RdSgmtA.gfs",
				"${PODS_ROOT}/../../node_modules/react-native-gdalwarp/ios/share/gdal/jpfgdgml_RvrMgtBdry.gfs",
				"${PODS_ROOT}/../../node_modules/react-native-gdalwarp/ios/share/gdal/jpfgdgml_SBAPt.gfs",
				"${PODS_ROOT}/../../node_modules/react-native-gdalwarp/ios/share/gdal/jpfgdgml_SBArea.gfs",
				"${PODS_ROOT}/../../node_modules/react-native-gdalwarp/ios/share/gdal/jpfgdgml_SBBdry.gfs",
				"${PODS_ROOT}/../../node_modules/react-native-gdalwarp/ios/share/gdal/jpfgdgml_WA.gfs",
				"${PODS_ROOT}/../../node_modules/react-native-gdalwarp/ios/share/gdal/jpfgdgml_WL.gfs",
				"${PODS_ROOT}/../../node_modules/react-native-gdalwarp/ios/share/gdal/jpfgdgml_WStrA.gfs",
				"${PODS_ROOT}/../../node_modules/react-native-gdalwarp/ios/share/gdal/jpfgdgml_WStrL.gfs",
				"${PODS_ROOT}/../../node_modules/react-native-gdalwarp/ios/share/gdal/LICENSE.TXT",
				"${PODS_ROOT}/../../node_modules/react-native-gdalwarp/ios/share/gdal/nitf_spec.xml",
				"${PODS_ROOT}/../../node_modules/react-native-gdalwarp/ios/share/gdal/nitf_spec.xsd",
				"${PODS_ROOT}/../../node_modules/react-native-gdalwarp/ios/share/gdal/ogrinfo_output.schema.json",
				"${PODS_ROOT}/../../node_modules/react-native-gdalwarp/ios/share/gdal/ogrvrt.xsd",
				"${PODS_ROOT}/../../node_modules/react-native-gdalwarp/ios/share/gdal/ozi_datum.csv",
				"${PODS_ROOT}/../../node_modules/react-native-gdalwarp/ios/share/gdal/ozi_ellips.csv",
				"${PODS_ROOT}/../../node_modules/react-native-gdalwarp/ios/share/gdal/pci_datum.txt",
				"${PODS_ROOT}/../../node_modules/react-native-gdalwarp/ios/share/gdal/pci_ellips.txt",
				"${PODS_ROOT}/../../node_modules/react-native-gdalwarp/ios/share/gdal/pdfcomposition.xsd",
				"${PODS_ROOT}/../../node_modules/react-native-gdalwarp/ios/share/gdal/pds4_template.xml",
				"${PODS_ROOT}/../../node_modules/react-native-gdalwarp/ios/share/gdal/ruian_vf_ob_v1.gfs",
				"${PODS_ROOT}/../../node_modules/react-native-gdalwarp/ios/share/gdal/ruian_vf_st_uvoh_v1.gfs",
				"${PODS_ROOT}/../../node_modules/react-native-gdalwarp/ios/share/gdal/ruian_vf_st_v1.gfs",
				"${PODS_ROOT}/../../node_modules/react-native-gdalwarp/ios/share/gdal/ruian_vf_v1.gfs",
				"${PODS_ROOT}/../../node_modules/react-native-gdalwarp/ios/share/gdal/s57agencies.csv",
				"${PODS_ROOT}/../../node_modules/react-native-gdalwarp/ios/share/gdal/s57attributes.csv",
				"${PODS_ROOT}/../../node_modules/react-native-gdalwarp/ios/share/gdal/s57expectedinput.csv",
				"${PODS_ROOT}/../../node_modules/react-native-gdalwarp/ios/share/gdal/s57objectclasses.csv",
				"${PODS_ROOT}/../../node_modules/react-native-gdalwarp/ios/share/gdal/seed_2d.dgn",
				"${PODS_ROOT}/../../node_modules/react-native-gdalwarp/ios/share/gdal/seed_3d.dgn",
				"${PODS_ROOT}/../../node_modules/react-native-gdalwarp/ios/share/gdal/stateplane.csv",
				"${PODS_ROOT}/../../node_modules/react-native-gdalwarp/ios/share/gdal/tms_LINZAntarticaMapTileGrid.json",
				"${PODS_ROOT}/../../node_modules/react-native-gdalwarp/ios/share/gdal/tms_MapML_APSTILE.json",
				"${PODS_ROOT}/../../node_modules/react-native-gdalwarp/ios/share/gdal/tms_MapML_CBMTILE.json",
				"${PODS_ROOT}/../../node_modules/react-native-gdalwarp/ios/share/gdal/tms_NZTM2000.json",
				"${PODS_ROOT}/../../node_modules/react-native-gdalwarp/ios/share/gdal/trailer.dxf",
				"${PODS_ROOT}/../../node_modules/react-native-gdalwarp/ios/share/gdal/vdv452.xml",
				"${PODS_ROOT}/../../node_modules/react-native-gdalwarp/ios/share/gdal/vdv452.xsd",
				"${PODS_ROOT}/../../node_modules/react-native-gdalwarp/ios/share/gdal/vicar.json",
				"${PODS_ROOT}/../../node_modules/react-native-gdalwarp/ios/share/proj/CH",
				"${PODS_ROOT}/../../node_modules/react-native-gdalwarp/ios/share/proj/deformation_model.schema.json",
				"${PODS_ROOT}/../../node_modules/react-native-gdalwarp/ios/share/proj/GL27",
				"${PODS_ROOT}/../../node_modules/react-native-gdalwarp/ios/share/proj/ITRF2000",
				"${PODS_ROOT}/../../node_modules/react-native-gdalwarp/ios/share/proj/ITRF2008",
				"${PODS_ROOT}/../../node_modules/react-native-gdalwarp/ios/share/proj/ITRF2014",
				"${PODS_ROOT}/../../node_modules/react-native-gdalwarp/ios/share/proj/nad.lst",
				"${PODS_ROOT}/../../node_modules/react-native-gdalwarp/ios/share/proj/nad27",
				"${PODS_ROOT}/../../node_modules/react-native-gdalwarp/ios/share/proj/nad83",
				"${PODS_ROOT}/../../node_modules/react-native-gdalwarp/ios/share/proj/other.extra",
				"${PODS_ROOT}/../../node_modules/react-native-gdalwarp/ios/share/proj/proj.db",
				"${PODS_ROOT}/../../node_modules/react-native-gdalwarp/ios/share/proj/proj.ini",
				"${PODS_ROOT}/../../node_modules/react-native-gdalwarp/ios/share/proj/projjson.schema.json",
				"${PODS_ROOT}/../../node_modules/react-native-gdalwarp/ios/share/proj/triangulation.schema.json",
				"${PODS_ROOT}/../../node_modules/react-native-gdalwarp/ios/share/proj/world",
				"${PODS_ROOT}/../../node_modules/react-native-gdalwarp/ios/share/gdal",
				"${PODS_ROOT}/../../node_modules/react-native-gdalwarp/ios/share/proj",
			);
			name = "[CP] Copy Pods Resources";
			outputPaths = (
				"${TARGET_BUILD_DIR}/${UNLOCALIZED_RESOURCES_FOLDER_PATH}/ExpoApplication_privacy.bundle",
				"${TARGET_BUILD_DIR}/${UNLOCALIZED_RESOURCES_FOLDER_PATH}/EXConstants.bundle",
				"${TARGET_BUILD_DIR}/${UNLOCALIZED_RESOURCES_FOLDER_PATH}/ExpoConstants_privacy.bundle",
				"${TARGET_BUILD_DIR}/${UNLOCALIZED_RESOURCES_FOLDER_PATH}/ExpoNotifications_privacy.bundle",
				"${TARGET_BUILD_DIR}/${UNLOCALIZED_RESOURCES_FOLDER_PATH}/ExpoTaskManager_privacy.bundle",
				"${TARGET_BUILD_DIR}/${UNLOCALIZED_RESOURCES_FOLDER_PATH}/ExpoFileSystem_privacy.bundle",
				"${TARGET_BUILD_DIR}/${UNLOCALIZED_RESOURCES_FOLDER_PATH}/ExpoLocalization_privacy.bundle",
				"${TARGET_BUILD_DIR}/${UNLOCALIZED_RESOURCES_FOLDER_PATH}/ExpoMediaLibrary_privacy.bundle",
				"${TARGET_BUILD_DIR}/${UNLOCALIZED_RESOURCES_FOLDER_PATH}/GoogleMaps.bundle",
				"${TARGET_BUILD_DIR}/${UNLOCALIZED_RESOURCES_FOLDER_PATH}/Protobuf_Privacy.bundle",
				"${TARGET_BUILD_DIR}/${UNLOCALIZED_RESOURCES_FOLDER_PATH}/RNCAsyncStorage_resources.bundle",
				"${TARGET_BUILD_DIR}/${UNLOCALIZED_RESOURCES_FOLDER_PATH}/RNDeviceInfoPrivacyInfo.bundle",
				"${TARGET_BUILD_DIR}/${UNLOCALIZED_RESOURCES_FOLDER_PATH}/AntDesign.ttf",
				"${TARGET_BUILD_DIR}/${UNLOCALIZED_RESOURCES_FOLDER_PATH}/Entypo.ttf",
				"${TARGET_BUILD_DIR}/${UNLOCALIZED_RESOURCES_FOLDER_PATH}/EvilIcons.ttf",
				"${TARGET_BUILD_DIR}/${UNLOCALIZED_RESOURCES_FOLDER_PATH}/Feather.ttf",
				"${TARGET_BUILD_DIR}/${UNLOCALIZED_RESOURCES_FOLDER_PATH}/FontAwesome.ttf",
				"${TARGET_BUILD_DIR}/${UNLOCALIZED_RESOURCES_FOLDER_PATH}/FontAwesome5_Brands.ttf",
				"${TARGET_BUILD_DIR}/${UNLOCALIZED_RESOURCES_FOLDER_PATH}/FontAwesome5_Regular.ttf",
				"${TARGET_BUILD_DIR}/${UNLOCALIZED_RESOURCES_FOLDER_PATH}/FontAwesome5_Solid.ttf",
				"${TARGET_BUILD_DIR}/${UNLOCALIZED_RESOURCES_FOLDER_PATH}/FontAwesome6_Brands.ttf",
				"${TARGET_BUILD_DIR}/${UNLOCALIZED_RESOURCES_FOLDER_PATH}/FontAwesome6_Regular.ttf",
				"${TARGET_BUILD_DIR}/${UNLOCALIZED_RESOURCES_FOLDER_PATH}/FontAwesome6_Solid.ttf",
				"${TARGET_BUILD_DIR}/${UNLOCALIZED_RESOURCES_FOLDER_PATH}/Fontisto.ttf",
				"${TARGET_BUILD_DIR}/${UNLOCALIZED_RESOURCES_FOLDER_PATH}/Foundation.ttf",
				"${TARGET_BUILD_DIR}/${UNLOCALIZED_RESOURCES_FOLDER_PATH}/Ionicons.ttf",
				"${TARGET_BUILD_DIR}/${UNLOCALIZED_RESOURCES_FOLDER_PATH}/MaterialCommunityIcons.ttf",
				"${TARGET_BUILD_DIR}/${UNLOCALIZED_RESOURCES_FOLDER_PATH}/MaterialIcons.ttf",
				"${TARGET_BUILD_DIR}/${UNLOCALIZED_RESOURCES_FOLDER_PATH}/Octicons.ttf",
				"${TARGET_BUILD_DIR}/${UNLOCALIZED_RESOURCES_FOLDER_PATH}/SimpleLineIcons.ttf",
				"${TARGET_BUILD_DIR}/${UNLOCALIZED_RESOURCES_FOLDER_PATH}/Zocial.ttf",
				"${TARGET_BUILD_DIR}/${UNLOCALIZED_RESOURCES_FOLDER_PATH}/RCTI18nStrings.bundle",
				"${TARGET_BUILD_DIR}/${UNLOCALIZED_RESOURCES_FOLDER_PATH}/SDWebImage.bundle",
				"${TARGET_BUILD_DIR}/${UNLOCALIZED_RESOURCES_FOLDER_PATH}/cubewerx_extra.wkt",
				"${TARGET_BUILD_DIR}/${UNLOCALIZED_RESOURCES_FOLDER_PATH}/default.rsc",
				"${TARGET_BUILD_DIR}/${UNLOCALIZED_RESOURCES_FOLDER_PATH}/ecw_cs.wkt",
				"${TARGET_BUILD_DIR}/${UNLOCALIZED_RESOURCES_FOLDER_PATH}/epsg.wkt",
				"${TARGET_BUILD_DIR}/${UNLOCALIZED_RESOURCES_FOLDER_PATH}/esri_StatePlane_extra.wkt",
				"${TARGET_BUILD_DIR}/${UNLOCALIZED_RESOURCES_FOLDER_PATH}/gdalicon.png",
				"${TARGET_BUILD_DIR}/${UNLOCALIZED_RESOURCES_FOLDER_PATH}/gdalinfo_output.schema.json",
				"${TARGET_BUILD_DIR}/${UNLOCALIZED_RESOURCES_FOLDER_PATH}/GDALLogoBW.svg",
				"${TARGET_BUILD_DIR}/${UNLOCALIZED_RESOURCES_FOLDER_PATH}/GDALLogoColor.svg",
				"${TARGET_BUILD_DIR}/${UNLOCALIZED_RESOURCES_FOLDER_PATH}/GDALLogoGS.svg",
				"${TARGET_BUILD_DIR}/${UNLOCALIZED_RESOURCES_FOLDER_PATH}/gdalmdiminfo_output.schema.json",
				"${TARGET_BUILD_DIR}/${UNLOCALIZED_RESOURCES_FOLDER_PATH}/gdaltileindex.xsd",
				"${TARGET_BUILD_DIR}/${UNLOCALIZED_RESOURCES_FOLDER_PATH}/gdalvrt.xsd",
				"${TARGET_BUILD_DIR}/${UNLOCALIZED_RESOURCES_FOLDER_PATH}/gfs.xsd",
				"${TARGET_BUILD_DIR}/${UNLOCALIZED_RESOURCES_FOLDER_PATH}/gml_registry.xml",
				"${TARGET_BUILD_DIR}/${UNLOCALIZED_RESOURCES_FOLDER_PATH}/gml_registry.xsd",
				"${TARGET_BUILD_DIR}/${UNLOCALIZED_RESOURCES_FOLDER_PATH}/grib2_center.csv",
				"${TARGET_BUILD_DIR}/${UNLOCALIZED_RESOURCES_FOLDER_PATH}/grib2_process.csv",
				"${TARGET_BUILD_DIR}/${UNLOCALIZED_RESOURCES_FOLDER_PATH}/grib2_subcenter.csv",
				"${TARGET_BUILD_DIR}/${UNLOCALIZED_RESOURCES_FOLDER_PATH}/grib2_table_4_2_0_0.csv",
				"${TARGET_BUILD_DIR}/${UNLOCALIZED_RESOURCES_FOLDER_PATH}/grib2_table_4_2_0_1.csv",
				"${TARGET_BUILD_DIR}/${UNLOCALIZED_RESOURCES_FOLDER_PATH}/grib2_table_4_2_0_13.csv",
				"${TARGET_BUILD_DIR}/${UNLOCALIZED_RESOURCES_FOLDER_PATH}/grib2_table_4_2_0_14.csv",
				"${TARGET_BUILD_DIR}/${UNLOCALIZED_RESOURCES_FOLDER_PATH}/grib2_table_4_2_0_15.csv",
				"${TARGET_BUILD_DIR}/${UNLOCALIZED_RESOURCES_FOLDER_PATH}/grib2_table_4_2_0_16.csv",
				"${TARGET_BUILD_DIR}/${UNLOCALIZED_RESOURCES_FOLDER_PATH}/grib2_table_4_2_0_17.csv",
				"${TARGET_BUILD_DIR}/${UNLOCALIZED_RESOURCES_FOLDER_PATH}/grib2_table_4_2_0_18.csv",
				"${TARGET_BUILD_DIR}/${UNLOCALIZED_RESOURCES_FOLDER_PATH}/grib2_table_4_2_0_19.csv",
				"${TARGET_BUILD_DIR}/${UNLOCALIZED_RESOURCES_FOLDER_PATH}/grib2_table_4_2_0_190.csv",
				"${TARGET_BUILD_DIR}/${UNLOCALIZED_RESOURCES_FOLDER_PATH}/grib2_table_4_2_0_191.csv",
				"${TARGET_BUILD_DIR}/${UNLOCALIZED_RESOURCES_FOLDER_PATH}/grib2_table_4_2_0_2.csv",
				"${TARGET_BUILD_DIR}/${UNLOCALIZED_RESOURCES_FOLDER_PATH}/grib2_table_4_2_0_20.csv",
				"${TARGET_BUILD_DIR}/${UNLOCALIZED_RESOURCES_FOLDER_PATH}/grib2_table_4_2_0_21.csv",
				"${TARGET_BUILD_DIR}/${UNLOCALIZED_RESOURCES_FOLDER_PATH}/grib2_table_4_2_0_3.csv",
				"${TARGET_BUILD_DIR}/${UNLOCALIZED_RESOURCES_FOLDER_PATH}/grib2_table_4_2_0_4.csv",
				"${TARGET_BUILD_DIR}/${UNLOCALIZED_RESOURCES_FOLDER_PATH}/grib2_table_4_2_0_5.csv",
				"${TARGET_BUILD_DIR}/${UNLOCALIZED_RESOURCES_FOLDER_PATH}/grib2_table_4_2_0_6.csv",
				"${TARGET_BUILD_DIR}/${UNLOCALIZED_RESOURCES_FOLDER_PATH}/grib2_table_4_2_0_7.csv",
				"${TARGET_BUILD_DIR}/${UNLOCALIZED_RESOURCES_FOLDER_PATH}/grib2_table_4_2_10_0.csv",
				"${TARGET_BUILD_DIR}/${UNLOCALIZED_RESOURCES_FOLDER_PATH}/grib2_table_4_2_10_1.csv",
				"${TARGET_BUILD_DIR}/${UNLOCALIZED_RESOURCES_FOLDER_PATH}/grib2_table_4_2_10_191.csv",
				"${TARGET_BUILD_DIR}/${UNLOCALIZED_RESOURCES_FOLDER_PATH}/grib2_table_4_2_10_2.csv",
				"${TARGET_BUILD_DIR}/${UNLOCALIZED_RESOURCES_FOLDER_PATH}/grib2_table_4_2_10_3.csv",
				"${TARGET_BUILD_DIR}/${UNLOCALIZED_RESOURCES_FOLDER_PATH}/grib2_table_4_2_10_4.csv",
				"${TARGET_BUILD_DIR}/${UNLOCALIZED_RESOURCES_FOLDER_PATH}/grib2_table_4_2_1_0.csv",
				"${TARGET_BUILD_DIR}/${UNLOCALIZED_RESOURCES_FOLDER_PATH}/grib2_table_4_2_1_1.csv",
				"${TARGET_BUILD_DIR}/${UNLOCALIZED_RESOURCES_FOLDER_PATH}/grib2_table_4_2_1_2.csv",
				"${TARGET_BUILD_DIR}/${UNLOCALIZED_RESOURCES_FOLDER_PATH}/grib2_table_4_2_20_0.csv",
				"${TARGET_BUILD_DIR}/${UNLOCALIZED_RESOURCES_FOLDER_PATH}/grib2_table_4_2_20_1.csv",
				"${TARGET_BUILD_DIR}/${UNLOCALIZED_RESOURCES_FOLDER_PATH}/grib2_table_4_2_20_2.csv",
				"${TARGET_BUILD_DIR}/${UNLOCALIZED_RESOURCES_FOLDER_PATH}/grib2_table_4_2_2_0.csv",
				"${TARGET_BUILD_DIR}/${UNLOCALIZED_RESOURCES_FOLDER_PATH}/grib2_table_4_2_2_3.csv",
				"${TARGET_BUILD_DIR}/${UNLOCALIZED_RESOURCES_FOLDER_PATH}/grib2_table_4_2_2_4.csv",
				"${TARGET_BUILD_DIR}/${UNLOCALIZED_RESOURCES_FOLDER_PATH}/grib2_table_4_2_2_5.csv",
				"${TARGET_BUILD_DIR}/${UNLOCALIZED_RESOURCES_FOLDER_PATH}/grib2_table_4_2_2_6.csv",
				"${TARGET_BUILD_DIR}/${UNLOCALIZED_RESOURCES_FOLDER_PATH}/grib2_table_4_2_3_0.csv",
				"${TARGET_BUILD_DIR}/${UNLOCALIZED_RESOURCES_FOLDER_PATH}/grib2_table_4_2_3_1.csv",
				"${TARGET_BUILD_DIR}/${UNLOCALIZED_RESOURCES_FOLDER_PATH}/grib2_table_4_2_3_2.csv",
				"${TARGET_BUILD_DIR}/${UNLOCALIZED_RESOURCES_FOLDER_PATH}/grib2_table_4_2_3_3.csv",
				"${TARGET_BUILD_DIR}/${UNLOCALIZED_RESOURCES_FOLDER_PATH}/grib2_table_4_2_3_4.csv",
				"${TARGET_BUILD_DIR}/${UNLOCALIZED_RESOURCES_FOLDER_PATH}/grib2_table_4_2_3_5.csv",
				"${TARGET_BUILD_DIR}/${UNLOCALIZED_RESOURCES_FOLDER_PATH}/grib2_table_4_2_3_6.csv",
				"${TARGET_BUILD_DIR}/${UNLOCALIZED_RESOURCES_FOLDER_PATH}/grib2_table_4_2_4_0.csv",
				"${TARGET_BUILD_DIR}/${UNLOCALIZED_RESOURCES_FOLDER_PATH}/grib2_table_4_2_4_1.csv",
				"${TARGET_BUILD_DIR}/${UNLOCALIZED_RESOURCES_FOLDER_PATH}/grib2_table_4_2_4_10.csv",
				"${TARGET_BUILD_DIR}/${UNLOCALIZED_RESOURCES_FOLDER_PATH}/grib2_table_4_2_4_2.csv",
				"${TARGET_BUILD_DIR}/${UNLOCALIZED_RESOURCES_FOLDER_PATH}/grib2_table_4_2_4_3.csv",
				"${TARGET_BUILD_DIR}/${UNLOCALIZED_RESOURCES_FOLDER_PATH}/grib2_table_4_2_4_4.csv",
				"${TARGET_BUILD_DIR}/${UNLOCALIZED_RESOURCES_FOLDER_PATH}/grib2_table_4_2_4_5.csv",
				"${TARGET_BUILD_DIR}/${UNLOCALIZED_RESOURCES_FOLDER_PATH}/grib2_table_4_2_4_6.csv",
				"${TARGET_BUILD_DIR}/${UNLOCALIZED_RESOURCES_FOLDER_PATH}/grib2_table_4_2_4_7.csv",
				"${TARGET_BUILD_DIR}/${UNLOCALIZED_RESOURCES_FOLDER_PATH}/grib2_table_4_2_4_8.csv",
				"${TARGET_BUILD_DIR}/${UNLOCALIZED_RESOURCES_FOLDER_PATH}/grib2_table_4_2_4_9.csv",
				"${TARGET_BUILD_DIR}/${UNLOCALIZED_RESOURCES_FOLDER_PATH}/grib2_table_4_2_local_Canada.csv",
				"${TARGET_BUILD_DIR}/${UNLOCALIZED_RESOURCES_FOLDER_PATH}/grib2_table_4_2_local_HPC.csv",
				"${TARGET_BUILD_DIR}/${UNLOCALIZED_RESOURCES_FOLDER_PATH}/grib2_table_4_2_local_index.csv",
				"${TARGET_BUILD_DIR}/${UNLOCALIZED_RESOURCES_FOLDER_PATH}/grib2_table_4_2_local_MRMS.csv",
				"${TARGET_BUILD_DIR}/${UNLOCALIZED_RESOURCES_FOLDER_PATH}/grib2_table_4_2_local_NCEP.csv",
				"${TARGET_BUILD_DIR}/${UNLOCALIZED_RESOURCES_FOLDER_PATH}/grib2_table_4_2_local_NDFD.csv",
				"${TARGET_BUILD_DIR}/${UNLOCALIZED_RESOURCES_FOLDER_PATH}/grib2_table_4_5.csv",
				"${TARGET_BUILD_DIR}/${UNLOCALIZED_RESOURCES_FOLDER_PATH}/grib2_table_versions.csv",
				"${TARGET_BUILD_DIR}/${UNLOCALIZED_RESOURCES_FOLDER_PATH}/gt_datum.csv",
				"${TARGET_BUILD_DIR}/${UNLOCALIZED_RESOURCES_FOLDER_PATH}/gt_ellips.csv",
				"${TARGET_BUILD_DIR}/${UNLOCALIZED_RESOURCES_FOLDER_PATH}/header.dxf",
				"${TARGET_BUILD_DIR}/${UNLOCALIZED_RESOURCES_FOLDER_PATH}/inspire_cp_BasicPropertyUnit.gfs",
				"${TARGET_BUILD_DIR}/${UNLOCALIZED_RESOURCES_FOLDER_PATH}/inspire_cp_CadastralBoundary.gfs",
				"${TARGET_BUILD_DIR}/${UNLOCALIZED_RESOURCES_FOLDER_PATH}/inspire_cp_CadastralParcel.gfs",
				"${TARGET_BUILD_DIR}/${UNLOCALIZED_RESOURCES_FOLDER_PATH}/inspire_cp_CadastralZoning.gfs",
				"${TARGET_BUILD_DIR}/${UNLOCALIZED_RESOURCES_FOLDER_PATH}/jpfgdgml_AdmArea.gfs",
				"${TARGET_BUILD_DIR}/${UNLOCALIZED_RESOURCES_FOLDER_PATH}/jpfgdgml_AdmBdry.gfs",
				"${TARGET_BUILD_DIR}/${UNLOCALIZED_RESOURCES_FOLDER_PATH}/jpfgdgml_AdmPt.gfs",
				"${TARGET_BUILD_DIR}/${UNLOCALIZED_RESOURCES_FOLDER_PATH}/jpfgdgml_BldA.gfs",
				"${TARGET_BUILD_DIR}/${UNLOCALIZED_RESOURCES_FOLDER_PATH}/jpfgdgml_BldL.gfs",
				"${TARGET_BUILD_DIR}/${UNLOCALIZED_RESOURCES_FOLDER_PATH}/jpfgdgml_Cntr.gfs",
				"${TARGET_BUILD_DIR}/${UNLOCALIZED_RESOURCES_FOLDER_PATH}/jpfgdgml_CommBdry.gfs",
				"${TARGET_BUILD_DIR}/${UNLOCALIZED_RESOURCES_FOLDER_PATH}/jpfgdgml_CommPt.gfs",
				"${TARGET_BUILD_DIR}/${UNLOCALIZED_RESOURCES_FOLDER_PATH}/jpfgdgml_Cstline.gfs",
				"${TARGET_BUILD_DIR}/${UNLOCALIZED_RESOURCES_FOLDER_PATH}/jpfgdgml_ElevPt.gfs",
				"${TARGET_BUILD_DIR}/${UNLOCALIZED_RESOURCES_FOLDER_PATH}/jpfgdgml_GCP.gfs",
				"${TARGET_BUILD_DIR}/${UNLOCALIZED_RESOURCES_FOLDER_PATH}/jpfgdgml_LeveeEdge.gfs",
				"${TARGET_BUILD_DIR}/${UNLOCALIZED_RESOURCES_FOLDER_PATH}/jpfgdgml_RailCL.gfs",
				"${TARGET_BUILD_DIR}/${UNLOCALIZED_RESOURCES_FOLDER_PATH}/jpfgdgml_RdArea.gfs",
				"${TARGET_BUILD_DIR}/${UNLOCALIZED_RESOURCES_FOLDER_PATH}/jpfgdgml_RdASL.gfs",
				"${TARGET_BUILD_DIR}/${UNLOCALIZED_RESOURCES_FOLDER_PATH}/jpfgdgml_RdCompt.gfs",
				"${TARGET_BUILD_DIR}/${UNLOCALIZED_RESOURCES_FOLDER_PATH}/jpfgdgml_RdEdg.gfs",
				"${TARGET_BUILD_DIR}/${UNLOCALIZED_RESOURCES_FOLDER_PATH}/jpfgdgml_RdMgtBdry.gfs",
				"${TARGET_BUILD_DIR}/${UNLOCALIZED_RESOURCES_FOLDER_PATH}/jpfgdgml_RdSgmtA.gfs",
				"${TARGET_BUILD_DIR}/${UNLOCALIZED_RESOURCES_FOLDER_PATH}/jpfgdgml_RvrMgtBdry.gfs",
				"${TARGET_BUILD_DIR}/${UNLOCALIZED_RESOURCES_FOLDER_PATH}/jpfgdgml_SBAPt.gfs",
				"${TARGET_BUILD_DIR}/${UNLOCALIZED_RESOURCES_FOLDER_PATH}/jpfgdgml_SBArea.gfs",
				"${TARGET_BUILD_DIR}/${UNLOCALIZED_RESOURCES_FOLDER_PATH}/jpfgdgml_SBBdry.gfs",
				"${TARGET_BUILD_DIR}/${UNLOCALIZED_RESOURCES_FOLDER_PATH}/jpfgdgml_WA.gfs",
				"${TARGET_BUILD_DIR}/${UNLOCALIZED_RESOURCES_FOLDER_PATH}/jpfgdgml_WL.gfs",
				"${TARGET_BUILD_DIR}/${UNLOCALIZED_RESOURCES_FOLDER_PATH}/jpfgdgml_WStrA.gfs",
				"${TARGET_BUILD_DIR}/${UNLOCALIZED_RESOURCES_FOLDER_PATH}/jpfgdgml_WStrL.gfs",
				"${TARGET_BUILD_DIR}/${UNLOCALIZED_RESOURCES_FOLDER_PATH}/LICENSE.TXT",
				"${TARGET_BUILD_DIR}/${UNLOCALIZED_RESOURCES_FOLDER_PATH}/nitf_spec.xml",
				"${TARGET_BUILD_DIR}/${UNLOCALIZED_RESOURCES_FOLDER_PATH}/nitf_spec.xsd",
				"${TARGET_BUILD_DIR}/${UNLOCALIZED_RESOURCES_FOLDER_PATH}/ogrinfo_output.schema.json",
				"${TARGET_BUILD_DIR}/${UNLOCALIZED_RESOURCES_FOLDER_PATH}/ogrvrt.xsd",
				"${TARGET_BUILD_DIR}/${UNLOCALIZED_RESOURCES_FOLDER_PATH}/ozi_datum.csv",
				"${TARGET_BUILD_DIR}/${UNLOCALIZED_RESOURCES_FOLDER_PATH}/ozi_ellips.csv",
				"${TARGET_BUILD_DIR}/${UNLOCALIZED_RESOURCES_FOLDER_PATH}/pci_datum.txt",
				"${TARGET_BUILD_DIR}/${UNLOCALIZED_RESOURCES_FOLDER_PATH}/pci_ellips.txt",
				"${TARGET_BUILD_DIR}/${UNLOCALIZED_RESOURCES_FOLDER_PATH}/pdfcomposition.xsd",
				"${TARGET_BUILD_DIR}/${UNLOCALIZED_RESOURCES_FOLDER_PATH}/pds4_template.xml",
				"${TARGET_BUILD_DIR}/${UNLOCALIZED_RESOURCES_FOLDER_PATH}/ruian_vf_ob_v1.gfs",
				"${TARGET_BUILD_DIR}/${UNLOCALIZED_RESOURCES_FOLDER_PATH}/ruian_vf_st_uvoh_v1.gfs",
				"${TARGET_BUILD_DIR}/${UNLOCALIZED_RESOURCES_FOLDER_PATH}/ruian_vf_st_v1.gfs",
				"${TARGET_BUILD_DIR}/${UNLOCALIZED_RESOURCES_FOLDER_PATH}/ruian_vf_v1.gfs",
				"${TARGET_BUILD_DIR}/${UNLOCALIZED_RESOURCES_FOLDER_PATH}/s57agencies.csv",
				"${TARGET_BUILD_DIR}/${UNLOCALIZED_RESOURCES_FOLDER_PATH}/s57attributes.csv",
				"${TARGET_BUILD_DIR}/${UNLOCALIZED_RESOURCES_FOLDER_PATH}/s57expectedinput.csv",
				"${TARGET_BUILD_DIR}/${UNLOCALIZED_RESOURCES_FOLDER_PATH}/s57objectclasses.csv",
				"${TARGET_BUILD_DIR}/${UNLOCALIZED_RESOURCES_FOLDER_PATH}/seed_2d.dgn",
				"${TARGET_BUILD_DIR}/${UNLOCALIZED_RESOURCES_FOLDER_PATH}/seed_3d.dgn",
				"${TARGET_BUILD_DIR}/${UNLOCALIZED_RESOURCES_FOLDER_PATH}/stateplane.csv",
				"${TARGET_BUILD_DIR}/${UNLOCALIZED_RESOURCES_FOLDER_PATH}/tms_LINZAntarticaMapTileGrid.json",
				"${TARGET_BUILD_DIR}/${UNLOCALIZED_RESOURCES_FOLDER_PATH}/tms_MapML_APSTILE.json",
				"${TARGET_BUILD_DIR}/${UNLOCALIZED_RESOURCES_FOLDER_PATH}/tms_MapML_CBMTILE.json",
				"${TARGET_BUILD_DIR}/${UNLOCALIZED_RESOURCES_FOLDER_PATH}/tms_NZTM2000.json",
				"${TARGET_BUILD_DIR}/${UNLOCALIZED_RESOURCES_FOLDER_PATH}/trailer.dxf",
				"${TARGET_BUILD_DIR}/${UNLOCALIZED_RESOURCES_FOLDER_PATH}/vdv452.xml",
				"${TARGET_BUILD_DIR}/${UNLOCALIZED_RESOURCES_FOLDER_PATH}/vdv452.xsd",
				"${TARGET_BUILD_DIR}/${UNLOCALIZED_RESOURCES_FOLDER_PATH}/vicar.json",
				"${TARGET_BUILD_DIR}/${UNLOCALIZED_RESOURCES_FOLDER_PATH}/CH",
				"${TARGET_BUILD_DIR}/${UNLOCALIZED_RESOURCES_FOLDER_PATH}/deformation_model.schema.json",
				"${TARGET_BUILD_DIR}/${UNLOCALIZED_RESOURCES_FOLDER_PATH}/GL27",
				"${TARGET_BUILD_DIR}/${UNLOCALIZED_RESOURCES_FOLDER_PATH}/ITRF2000",
				"${TARGET_BUILD_DIR}/${UNLOCALIZED_RESOURCES_FOLDER_PATH}/ITRF2008",
				"${TARGET_BUILD_DIR}/${UNLOCALIZED_RESOURCES_FOLDER_PATH}/ITRF2014",
				"${TARGET_BUILD_DIR}/${UNLOCALIZED_RESOURCES_FOLDER_PATH}/nad.lst",
				"${TARGET_BUILD_DIR}/${UNLOCALIZED_RESOURCES_FOLDER_PATH}/nad27",
				"${TARGET_BUILD_DIR}/${UNLOCALIZED_RESOURCES_FOLDER_PATH}/nad83",
				"${TARGET_BUILD_DIR}/${UNLOCALIZED_RESOURCES_FOLDER_PATH}/other.extra",
				"${TARGET_BUILD_DIR}/${UNLOCALIZED_RESOURCES_FOLDER_PATH}/proj.db",
				"${TARGET_BUILD_DIR}/${UNLOCALIZED_RESOURCES_FOLDER_PATH}/proj.ini",
				"${TARGET_BUILD_DIR}/${UNLOCALIZED_RESOURCES_FOLDER_PATH}/projjson.schema.json",
				"${TARGET_BUILD_DIR}/${UNLOCALIZED_RESOURCES_FOLDER_PATH}/triangulation.schema.json",
				"${TARGET_BUILD_DIR}/${UNLOCALIZED_RESOURCES_FOLDER_PATH}/world",
				"${TARGET_BUILD_DIR}/${UNLOCALIZED_RESOURCES_FOLDER_PATH}/gdal",
				"${TARGET_BUILD_DIR}/${UNLOCALIZED_RESOURCES_FOLDER_PATH}/proj",
			);
			runOnlyForDeploymentPostprocessing = 0;
			shellPath = /bin/sh;
			shellScript = "\"${PODS_ROOT}/Target Support Files/Pods-ecorismap/Pods-ecorismap-resources.sh\"\n";
			showEnvVarsInLog = 0;
		};
		1D8F5B55FE6789634B372C56 /* [CP] Embed Pods Frameworks */ = {
			isa = PBXShellScriptBuildPhase;
			buildActionMask = 2147483647;
			files = (
			);
			inputPaths = (
				"${PODS_ROOT}/Target Support Files/Pods-ecorismap/Pods-ecorismap-frameworks.sh",
				"${PODS_XCFRAMEWORKS_BUILD_DIR}/ExpoSQLite/crsqlite.framework/crsqlite",
				"${PODS_XCFRAMEWORKS_BUILD_DIR}/hermes-engine/Pre-built/hermes.framework/hermes",
			);
			name = "[CP] Embed Pods Frameworks";
			outputPaths = (
				"${TARGET_BUILD_DIR}/${FRAMEWORKS_FOLDER_PATH}/crsqlite.framework",
				"${TARGET_BUILD_DIR}/${FRAMEWORKS_FOLDER_PATH}/hermes.framework",
			);
			runOnlyForDeploymentPostprocessing = 0;
			shellPath = /bin/sh;
			shellScript = "\"${PODS_ROOT}/Target Support Files/Pods-ecorismap/Pods-ecorismap-frameworks.sh\"\n";
			showEnvVarsInLog = 0;
		};
		B2B4C3E1C32E983266CA2996 /* [CP] Check Pods Manifest.lock */ = {
			isa = PBXShellScriptBuildPhase;
			buildActionMask = 2147483647;
			files = (
			);
			inputFileListPaths = (
			);
			inputPaths = (
				"${PODS_PODFILE_DIR_PATH}/Podfile.lock",
				"${PODS_ROOT}/Manifest.lock",
			);
			name = "[CP] Check Pods Manifest.lock";
			outputFileListPaths = (
			);
			outputPaths = (
				"$(DERIVED_FILE_DIR)/Pods-ecorismap-checkManifestLockResult.txt",
			);
			runOnlyForDeploymentPostprocessing = 0;
			shellPath = /bin/sh;
			shellScript = "diff \"${PODS_PODFILE_DIR_PATH}/Podfile.lock\" \"${PODS_ROOT}/Manifest.lock\" > /dev/null\nif [ $? != 0 ] ; then\n    # print error to STDERR\n    echo \"error: The sandbox is not in sync with the Podfile.lock. Run 'pod install' or update your CocoaPods installation.\" >&2\n    exit 1\nfi\n# This output is used by Xcode 'outputs' to avoid re-running this script phase.\necho \"SUCCESS\" > \"${SCRIPT_OUTPUT_FILE_0}\"\n";
			showEnvVarsInLog = 0;
		};
		FBC148EFF6B7B7C6F7A78BD9 /* [Expo] Configure project */ = {
			isa = PBXShellScriptBuildPhase;
			alwaysOutOfDate = 1;
			buildActionMask = 2147483647;
			files = (
			);
			inputFileListPaths = (
			);
			inputPaths = (
			);
			name = "[Expo] Configure project";
			outputFileListPaths = (
			);
			outputPaths = (
			);
			runOnlyForDeploymentPostprocessing = 0;
			shellPath = /bin/sh;
			shellScript = "# This script configures Expo modules and generates the modules provider file.\nbash -l -c \"./Pods/Target\\ Support\\ Files/Pods-ecorismap/expo-configure-project.sh\"\n";
		};
/* End PBXShellScriptBuildPhase section */

/* Begin PBXSourcesBuildPhase section */
		13B07F871A680F5B00A75B9A /* Sources */ = {
			isa = PBXSourcesBuildPhase;
			buildActionMask = 2147483647;
			files = (
				5148FEAA2C88131B003BA6C4 /* mecab.cpp in Sources */,
				5148FEAB2C88131B003BA6C4 /* eval.cpp in Sources */,
				5148FEA12C88131B003BA6C4 /* string_buffer.cpp in Sources */,
				5148FE992C88131B003BA6C4 /* nbest_generator.cpp in Sources */,
				5148FE9B2C88131B003BA6C4 /* feature_index.cpp in Sources */,
				5148FE922C88131B003BA6C4 /* lbfgs.cpp in Sources */,
				5148FE9C2C88131B003BA6C4 /* char_property.cpp in Sources */,
				5148FEAC2C88131B003BA6C4 /* dictionary.cpp in Sources */,
				5148FEA72C88131B003BA6C4 /* mecab-system-eval.cpp in Sources */,
				13B07FBC1A68108700A75B9A /* AppDelegate.mm in Sources */,
				5148FEAD2C88131B003BA6C4 /* writer.cpp in Sources */,
				13B07FC11A68108700A75B9A /* main.m in Sources */,
				5148FE9A2C88131B003BA6C4 /* mecab-cost-train.cpp in Sources */,
				5148FEA92C88131B003BA6C4 /* iconv_utils.cpp in Sources */,
				5148FE972C88131B003BA6C4 /* utils.cpp in Sources */,
				5148FE9F2C88131B003BA6C4 /* dictionary_compiler.cpp in Sources */,
				5148FE982C88131B003BA6C4 /* tagger.cpp in Sources */,
				5148FEA62C88131B003BA6C4 /* libmecab.cpp in Sources */,
				5148FEA02C88131B003BA6C4 /* dictionary_rewriter.cpp in Sources */,
				5148FEA22C88131B003BA6C4 /* learner_tagger.cpp in Sources */,
				5148FE932C88131B003BA6C4 /* mecab-dict-gen.cpp in Sources */,
				5148FE9E2C88131B003BA6C4 /* tokenizer.cpp in Sources */,
				5148FEAE2C88131B003BA6C4 /* context_id.cpp in Sources */,
				5148FEA42C88131B003BA6C4 /* viterbi.cpp in Sources */,
				5148FE962C88131B003BA6C4 /* dictionary_generator.cpp in Sources */,
				B18059E884C0ABDD17F3DC3D /* ExpoModulesProvider.swift in Sources */,
				5148FE942C88131B003BA6C4 /* learner.cpp in Sources */,
				5148FE9D2C88131B003BA6C4 /* mecab-test-gen.cpp in Sources */,
				5148FEA32C88131B003BA6C4 /* param.cpp in Sources */,
				5148FEA52C88131B003BA6C4 /* connector.cpp in Sources */,
				5148FEA82C88131B003BA6C4 /* mecab-dict-index.cpp in Sources */,
			);
			runOnlyForDeploymentPostprocessing = 0;
		};
/* End PBXSourcesBuildPhase section */

/* Begin XCBuildConfiguration section */
		13B07F941A680F5B00A75B9A /* Debug */ = {
			isa = XCBuildConfiguration;
			baseConfigurationReference = DF1690F9327F1AF00FD4EF7F /* Pods-ecorismap.debug.xcconfig */;
			buildSettings = {
				ASSETCATALOG_COMPILER_APPICON_NAME = AppIcon;
				CLANG_ENABLE_MODULES = YES;
				CODE_SIGN_ENTITLEMENTS = ecorismap/ecorismap.entitlements;
				CURRENT_PROJECT_VERSION = 102;
				DEVELOPMENT_TEAM = V5G4AV2NNZ;
				ENABLE_BITCODE = NO;
				ENABLE_TESTABILITY = YES;
				GCC_NO_COMMON_BLOCKS = YES;
				GCC_PREPROCESSOR_DEFINITIONS = (
					"$(inherited)",
					"FB_SONARKIT_ENABLED=1",
				);
				INFOPLIST_FILE = ecorismap/Info.plist;
				INFOPLIST_KEY_CFBundleDisplayName = EcorisMap;
				INFOPLIST_KEY_LSApplicationCategoryType = "public.app-category.navigation";
				IPHONEOS_DEPLOYMENT_TARGET = 18.0;
				LD_RUNPATH_SEARCH_PATHS = (
					"$(inherited)",
					"@executable_path/Frameworks",
				);
				MARKETING_VERSION = 0.4.1;
				ONLY_ACTIVE_ARCH = NO;
				OTHER_CPLUSPLUSFLAGS = (
					"$(inherited)",
					"-fmodules",
					"-Wno-module-import-in-extern-c",
				);
				OTHER_LDFLAGS = (
					"$(inherited)",
					"-ObjC",
					"-lc++",
					"-liconv",
				);
				OTHER_SWIFT_FLAGS = "$(inherited) -D EXPO_CONFIGURATION_DEBUG";
				PRODUCT_BUNDLE_IDENTIFIER = jp.co.ecoris.ecorismap;
				PRODUCT_NAME = ecorismap;
				SUPPORTED_PLATFORMS = "iphoneos iphonesimulator";
				SUPPORTS_MACCATALYST = NO;
				SUPPORTS_MAC_DESIGNED_FOR_IPHONE_IPAD = YES;
				SWIFT_OPTIMIZATION_LEVEL = "-Onone";
				SWIFT_VERSION = 5.0;
				TARGETED_DEVICE_FAMILY = "1,2";
				VERSIONING_SYSTEM = "apple-generic";
			};
			name = Debug;
		};
		13B07F951A680F5B00A75B9A /* Release */ = {
			isa = XCBuildConfiguration;
			baseConfigurationReference = D82D29CD6985B7D6B2D770E1 /* Pods-ecorismap.release.xcconfig */;
			buildSettings = {
				ASSETCATALOG_COMPILER_APPICON_NAME = AppIcon;
				CLANG_ENABLE_MODULES = YES;
				CODE_SIGN_ENTITLEMENTS = ecorismap/ecorismap.entitlements;
				CURRENT_PROJECT_VERSION = 102;
				DEVELOPMENT_TEAM = V5G4AV2NNZ;
				GCC_NO_COMMON_BLOCKS = YES;
				INFOPLIST_FILE = ecorismap/Info.plist;
				INFOPLIST_KEY_CFBundleDisplayName = EcorisMap;
				INFOPLIST_KEY_LSApplicationCategoryType = "public.app-category.navigation";
				IPHONEOS_DEPLOYMENT_TARGET = 18.0;
				LD_RUNPATH_SEARCH_PATHS = (
					"$(inherited)",
					"@executable_path/Frameworks",
				);
				MARKETING_VERSION = 0.4.1;
				ONLY_ACTIVE_ARCH = NO;
				OTHER_CPLUSPLUSFLAGS = (
					"$(inherited)",
					"-fmodules",
					"-Wno-module-import-in-extern-c",
				);
				OTHER_LDFLAGS = (
					"$(inherited)",
					"-ObjC",
					"-lc++",
					"-liconv",
				);
				OTHER_SWIFT_FLAGS = "$(inherited) -D EXPO_CONFIGURATION_RELEASE";
				PRODUCT_BUNDLE_IDENTIFIER = jp.co.ecoris.ecorismap;
				PRODUCT_NAME = ecorismap;
				SUPPORTED_PLATFORMS = "iphoneos iphonesimulator";
				SUPPORTS_MACCATALYST = NO;
				SUPPORTS_MAC_DESIGNED_FOR_IPHONE_IPAD = YES;
				SWIFT_VERSION = 5.0;
				TARGETED_DEVICE_FAMILY = "1,2";
				VERSIONING_SYSTEM = "apple-generic";
			};
			name = Release;
		};
		83CBBA201A601CBA00E9B192 /* Debug */ = {
			isa = XCBuildConfiguration;
			buildSettings = {
				ALWAYS_SEARCH_USER_PATHS = NO;
				ARCHS = "$(ARCHS_STANDARD)";
				CC = "";
				CLANG_ANALYZER_LOCALIZABILITY_NONLOCALIZED = YES;
				CLANG_CXX_LANGUAGE_STANDARD = "c++20";
				CLANG_CXX_LIBRARY = "libc++";
				CLANG_ENABLE_MODULES = YES;
				CLANG_ENABLE_OBJC_ARC = YES;
				CLANG_WARN_BLOCK_CAPTURE_AUTORELEASING = YES;
				CLANG_WARN_BOOL_CONVERSION = YES;
				CLANG_WARN_COMMA = YES;
				CLANG_WARN_CONSTANT_CONVERSION = YES;
				CLANG_WARN_DEPRECATED_OBJC_IMPLEMENTATIONS = YES;
				CLANG_WARN_DIRECT_OBJC_ISA_USAGE = YES_ERROR;
				CLANG_WARN_EMPTY_BODY = YES;
				CLANG_WARN_ENUM_CONVERSION = YES;
				CLANG_WARN_INFINITE_RECURSION = YES;
				CLANG_WARN_INT_CONVERSION = YES;
				CLANG_WARN_NON_LITERAL_NULL_CONVERSION = YES;
				CLANG_WARN_OBJC_IMPLICIT_RETAIN_SELF = YES;
				CLANG_WARN_OBJC_LITERAL_CONVERSION = YES;
				CLANG_WARN_OBJC_ROOT_CLASS = YES_ERROR;
				CLANG_WARN_QUOTED_INCLUDE_IN_FRAMEWORK_HEADER = YES;
				CLANG_WARN_RANGE_LOOP_ANALYSIS = YES;
				CLANG_WARN_STRICT_PROTOTYPES = YES;
				CLANG_WARN_SUSPICIOUS_MOVE = YES;
				CLANG_WARN_UNREACHABLE_CODE = YES;
				CLANG_WARN__DUPLICATE_METHOD_MATCH = YES;
				"CODE_SIGN_IDENTITY[sdk=iphoneos*]" = "iPhone Developer";
				COPY_PHASE_STRIP = NO;
				CXX = "";
				ENABLE_STRICT_OBJC_MSGSEND = YES;
				ENABLE_TESTABILITY = YES;
				"EXCLUDED_ARCHS[sdk=iphonesimulator*]" = arm64;
				GCC_C_LANGUAGE_STANDARD = gnu99;
				GCC_DYNAMIC_NO_PIC = NO;
				GCC_NO_COMMON_BLOCKS = YES;
				GCC_OPTIMIZATION_LEVEL = 0;
				GCC_PREPROCESSOR_DEFINITIONS = (
					"DEBUG=1",
					"$(inherited)",
					HAVE_CONFIG_H,
				);
				GCC_SYMBOLS_PRIVATE_EXTERN = NO;
				GCC_WARN_64_TO_32_BIT_CONVERSION = YES;
				GCC_WARN_ABOUT_RETURN_TYPE = YES_ERROR;
				GCC_WARN_UNDECLARED_SELECTOR = YES;
				GCC_WARN_UNINITIALIZED_AUTOS = YES_AGGRESSIVE;
				GCC_WARN_UNUSED_FUNCTION = YES;
				GCC_WARN_UNUSED_VARIABLE = YES;
				IPHONEOS_DEPLOYMENT_TARGET = 18.0;
				LD = "";
				LDPLUSPLUS = "";
				LD_RUNPATH_SEARCH_PATHS = (
					/usr/lib/swift,
					"$(inherited)",
					"-DFOLLY_NO_CONFIG",
					"-DFOLLY_MOBILE=1",
					"-DFOLLY_USE_LIBCPP=1",
					"-DFOLLY_CFG_NO_COROUTINES=1",
					"-DFOLLY_HAVE_CLOCK_GETTIME=1",
				);
				LIBRARY_SEARCH_PATHS = "$(SDKROOT)/usr/lib/swift\"$(inherited)\"";
				MTL_ENABLE_DEBUG_INFO = YES;
				ONLY_ACTIVE_ARCH = YES;
				OTHER_CFLAGS = "$(inherited)";
				OTHER_CPLUSPLUSFLAGS = "$(inherited)";
				OTHER_LDFLAGS = "$(inherited)";
				REACT_NATIVE_PATH = "${PODS_ROOT}/../../node_modules/react-native";
				SDKROOT = iphoneos;
				USE_HERMES = true;
			};
			name = Debug;
		};
		83CBBA211A601CBA00E9B192 /* Release */ = {
			isa = XCBuildConfiguration;
			buildSettings = {
				ALWAYS_SEARCH_USER_PATHS = NO;
				CC = "";
				CLANG_ANALYZER_LOCALIZABILITY_NONLOCALIZED = YES;
				CLANG_CXX_LANGUAGE_STANDARD = "c++20";
				CLANG_CXX_LIBRARY = "libc++";
				CLANG_ENABLE_MODULES = YES;
				CLANG_ENABLE_OBJC_ARC = YES;
				CLANG_WARN_BLOCK_CAPTURE_AUTORELEASING = YES;
				CLANG_WARN_BOOL_CONVERSION = YES;
				CLANG_WARN_COMMA = YES;
				CLANG_WARN_CONSTANT_CONVERSION = YES;
				CLANG_WARN_DEPRECATED_OBJC_IMPLEMENTATIONS = YES;
				CLANG_WARN_DIRECT_OBJC_ISA_USAGE = YES_ERROR;
				CLANG_WARN_EMPTY_BODY = YES;
				CLANG_WARN_ENUM_CONVERSION = YES;
				CLANG_WARN_INFINITE_RECURSION = YES;
				CLANG_WARN_INT_CONVERSION = YES;
				CLANG_WARN_NON_LITERAL_NULL_CONVERSION = YES;
				CLANG_WARN_OBJC_IMPLICIT_RETAIN_SELF = YES;
				CLANG_WARN_OBJC_LITERAL_CONVERSION = YES;
				CLANG_WARN_OBJC_ROOT_CLASS = YES_ERROR;
				CLANG_WARN_QUOTED_INCLUDE_IN_FRAMEWORK_HEADER = YES;
				CLANG_WARN_RANGE_LOOP_ANALYSIS = YES;
				CLANG_WARN_STRICT_PROTOTYPES = YES;
				CLANG_WARN_SUSPICIOUS_MOVE = YES;
				CLANG_WARN_UNREACHABLE_CODE = YES;
				CLANG_WARN__DUPLICATE_METHOD_MATCH = YES;
				"CODE_SIGN_IDENTITY[sdk=iphoneos*]" = "iPhone Developer";
				COPY_PHASE_STRIP = YES;
				CXX = "";
				ENABLE_NS_ASSERTIONS = NO;
				ENABLE_STRICT_OBJC_MSGSEND = YES;
				"EXCLUDED_ARCHS[sdk=iphonesimulator*]" = arm64;
				GCC_C_LANGUAGE_STANDARD = gnu99;
				GCC_NO_COMMON_BLOCKS = YES;
				GCC_PREPROCESSOR_DEFINITIONS = HAVE_CONFIG_H;
				GCC_WARN_64_TO_32_BIT_CONVERSION = YES;
				GCC_WARN_ABOUT_RETURN_TYPE = YES_ERROR;
				GCC_WARN_UNDECLARED_SELECTOR = YES;
				GCC_WARN_UNINITIALIZED_AUTOS = YES_AGGRESSIVE;
				GCC_WARN_UNUSED_FUNCTION = YES;
				GCC_WARN_UNUSED_VARIABLE = YES;
				IPHONEOS_DEPLOYMENT_TARGET = 18.0;
				LD = "";
				LDPLUSPLUS = "";
				LD_RUNPATH_SEARCH_PATHS = (
					/usr/lib/swift,
					"$(inherited)",
					"-DFOLLY_NO_CONFIG",
					"-DFOLLY_MOBILE=1",
					"-DFOLLY_USE_LIBCPP=1",
					"-DFOLLY_CFG_NO_COROUTINES=1",
					"-DFOLLY_HAVE_CLOCK_GETTIME=1",
				);
				LIBRARY_SEARCH_PATHS = "$(SDKROOT)/usr/lib/swift\"$(inherited)\"";
				MTL_ENABLE_DEBUG_INFO = NO;
				ONLY_ACTIVE_ARCH = NO;
				OTHER_CFLAGS = "$(inherited)";
				OTHER_CPLUSPLUSFLAGS = "$(inherited)";
				OTHER_LDFLAGS = "$(inherited)";
				REACT_NATIVE_PATH = "${PODS_ROOT}/../../node_modules/react-native";
				SDKROOT = iphoneos;
				SWIFT_COMPILATION_MODE = wholemodule;
				USE_HERMES = true;
				VALIDATE_PRODUCT = YES;
			};
			name = Release;
		};
/* End XCBuildConfiguration section */

/* Begin XCConfigurationList section */
		13B07F931A680F5B00A75B9A /* Build configuration list for PBXNativeTarget "ecorismap" */ = {
			isa = XCConfigurationList;
			buildConfigurations = (
				13B07F941A680F5B00A75B9A /* Debug */,
				13B07F951A680F5B00A75B9A /* Release */,
			);
			defaultConfigurationIsVisible = 0;
			defaultConfigurationName = Release;
		};
		83CBB9FA1A601CBA00E9B192 /* Build configuration list for PBXProject "ecorismap" */ = {
			isa = XCConfigurationList;
			buildConfigurations = (
				83CBBA201A601CBA00E9B192 /* Debug */,
				83CBBA211A601CBA00E9B192 /* Release */,
			);
			defaultConfigurationIsVisible = 0;
			defaultConfigurationName = Release;
		};
/* End XCConfigurationList section */
	};
	rootObject = 83CBB9F71A601CBA00E9B192 /* Project object */;
}
