PODS:
  - boost (1.76.0)
  - DoubleConversion (1.1.6)
  - EXApplication (5.0.1):
    - ExpoModulesCore
  - EXConstants (14.0.2):
    - ExpoModulesCore
  - EXDocumentPicker (11.0.1):
    - ExpoModulesCore
  - EXErrorRecovery (4.0.1):
    - ExpoModulesCore
  - EXFileSystem (15.1.1):
    - ExpoModulesCore
  - EXFont (11.0.1):
    - ExpoModulesCore
  - EXImageLoader (4.0.0):
    - ExpoModulesCore
    - React-Core
  - EXLocation (15.0.1):
    - ExpoModulesCore
  - EXMediaLibrary (15.0.0):
    - ExpoModulesCore
    - React-Core
  - Expo (47.0.13):
    - ExpoModulesCore
  - ExpoImageManipulator (11.1.1):
    - EXImageLoader
    - ExpoModulesCore
  - ExpoImagePicker (14.0.3):
    - ExpoModulesCore
  - ExpoKeepAwake (11.0.1):
    - ExpoModulesCore
  - ExpoLinearGradient (12.0.1):
    - ExpoModulesCore
  - ExpoLocalization (14.0.0):
    - ExpoModulesCore
  - ExpoModulesCore (1.1.1):
    - React-Core
    - ReactCommon/turbomodule/core
  - EXSharing (11.0.1):
    - ExpoModulesCore
  - EXSplashScreen (0.17.5):
    - ExpoModulesCore
    - React-Core
  - EXTaskManager (11.0.1):
    - ExpoModulesCore
    - UMAppLoader
  - FBLazyVector (0.70.9)
  - FBReactNativeSpec (0.70.9):
    - RCT-Folly (= 2021.07.22.00)
    - RCTRequired (= 0.70.9)
    - RCTTypeSafety (= 0.70.9)
    - React-Core (= 0.70.9)
    - React-jsi (= 0.70.9)
    - ReactCommon/turbomodule/core (= 0.70.9)
  - fmt (6.2.1)
  - glog (0.3.5)
  - Google-Maps-iOS-Utils (4.1.0):
    - Google-Maps-iOS-Utils/Clustering (= 4.1.0)
    - Google-Maps-iOS-Utils/Geometry (= 4.1.0)
    - Google-Maps-iOS-Utils/GeometryUtils (= 4.1.0)
    - Google-Maps-iOS-Utils/Heatmap (= 4.1.0)
    - Google-Maps-iOS-Utils/QuadTree (= 4.1.0)
    - GoogleMaps
  - Google-Maps-iOS-Utils/Clustering (4.1.0):
    - Google-Maps-iOS-Utils/QuadTree
    - GoogleMaps
  - Google-Maps-iOS-Utils/Geometry (4.1.0):
    - GoogleMaps
  - Google-Maps-iOS-Utils/GeometryUtils (4.1.0):
    - GoogleMaps
  - Google-Maps-iOS-Utils/Heatmap (4.1.0):
    - Google-Maps-iOS-Utils/QuadTree
    - GoogleMaps
  - Google-Maps-iOS-Utils/QuadTree (4.1.0):
    - GoogleMaps
  - GoogleMaps (7.3.0):
    - GoogleMaps/Maps (= 7.3.0)
  - GoogleMaps/Base (7.3.0)
  - GoogleMaps/Maps (7.3.0):
    - GoogleMaps/Base
  - hermes-engine (0.70.9)
  - libevent (2.1.12)
  - RCT-Folly (2021.07.22.00):
    - boost
    - DoubleConversion
    - fmt (~> 6.2.1)
    - glog
    - RCT-Folly/Default (= 2021.07.22.00)
  - RCT-Folly/Default (2021.07.22.00):
    - boost
    - DoubleConversion
    - fmt (~> 6.2.1)
    - glog
  - RCT-Folly/Futures (2021.07.22.00):
    - boost
    - DoubleConversion
    - fmt (~> 6.2.1)
    - glog
    - libevent
  - RCTRequired (0.70.9)
  - RCTTypeSafety (0.70.9):
    - FBLazyVector (= 0.70.9)
    - RCTRequired (= 0.70.9)
    - React-Core (= 0.70.9)
  - React (0.70.9):
    - React-Core (= 0.70.9)
    - React-Core/DevSupport (= 0.70.9)
    - React-Core/RCTWebSocket (= 0.70.9)
    - React-RCTActionSheet (= 0.70.9)
    - React-RCTAnimation (= 0.70.9)
    - React-RCTBlob (= 0.70.9)
    - React-RCTImage (= 0.70.9)
    - React-RCTLinking (= 0.70.9)
    - React-RCTNetwork (= 0.70.9)
    - React-RCTSettings (= 0.70.9)
    - React-RCTText (= 0.70.9)
    - React-RCTVibration (= 0.70.9)
  - React-bridging (0.70.9):
    - RCT-Folly (= 2021.07.22.00)
    - React-jsi (= 0.70.9)
  - React-callinvoker (0.70.9)
  - React-Codegen (0.70.9):
    - FBReactNativeSpec (= 0.70.9)
    - RCT-Folly (= 2021.07.22.00)
    - RCTRequired (= 0.70.9)
    - RCTTypeSafety (= 0.70.9)
    - React-Core (= 0.70.9)
    - React-jsi (= 0.70.9)
    - React-jsiexecutor (= 0.70.9)
    - ReactCommon/turbomodule/core (= 0.70.9)
  - React-Core (0.70.9):
    - glog
    - RCT-Folly (= 2021.07.22.00)
    - React-Core/Default (= 0.70.9)
    - React-cxxreact (= 0.70.9)
    - React-jsi (= 0.70.9)
    - React-jsiexecutor (= 0.70.9)
    - React-perflogger (= 0.70.9)
    - Yoga
  - React-Core/CoreModulesHeaders (0.70.9):
    - glog
    - RCT-Folly (= 2021.07.22.00)
    - React-Core/Default
    - React-cxxreact (= 0.70.9)
    - React-jsi (= 0.70.9)
    - React-jsiexecutor (= 0.70.9)
    - React-perflogger (= 0.70.9)
    - Yoga
  - React-Core/Default (0.70.9):
    - glog
    - RCT-Folly (= 2021.07.22.00)
    - React-cxxreact (= 0.70.9)
    - React-jsi (= 0.70.9)
    - React-jsiexecutor (= 0.70.9)
    - React-perflogger (= 0.70.9)
    - Yoga
  - React-Core/DevSupport (0.70.9):
    - glog
    - RCT-Folly (= 2021.07.22.00)
    - React-Core/Default (= 0.70.9)
    - React-Core/RCTWebSocket (= 0.70.9)
    - React-cxxreact (= 0.70.9)
    - React-jsi (= 0.70.9)
    - React-jsiexecutor (= 0.70.9)
    - React-jsinspector (= 0.70.9)
    - React-perflogger (= 0.70.9)
    - Yoga
  - React-Core/RCTActionSheetHeaders (0.70.9):
    - glog
    - RCT-Folly (= 2021.07.22.00)
    - React-Core/Default
    - React-cxxreact (= 0.70.9)
    - React-jsi (= 0.70.9)
    - React-jsiexecutor (= 0.70.9)
    - React-perflogger (= 0.70.9)
    - Yoga
  - React-Core/RCTAnimationHeaders (0.70.9):
    - glog
    - RCT-Folly (= 2021.07.22.00)
    - React-Core/Default
    - React-cxxreact (= 0.70.9)
    - React-jsi (= 0.70.9)
    - React-jsiexecutor (= 0.70.9)
    - React-perflogger (= 0.70.9)
    - Yoga
  - React-Core/RCTBlobHeaders (0.70.9):
    - glog
    - RCT-Folly (= 2021.07.22.00)
    - React-Core/Default
    - React-cxxreact (= 0.70.9)
    - React-jsi (= 0.70.9)
    - React-jsiexecutor (= 0.70.9)
    - React-perflogger (= 0.70.9)
    - Yoga
  - React-Core/RCTImageHeaders (0.70.9):
    - glog
    - RCT-Folly (= 2021.07.22.00)
    - React-Core/Default
    - React-cxxreact (= 0.70.9)
    - React-jsi (= 0.70.9)
    - React-jsiexecutor (= 0.70.9)
    - React-perflogger (= 0.70.9)
    - Yoga
  - React-Core/RCTLinkingHeaders (0.70.9):
    - glog
    - RCT-Folly (= 2021.07.22.00)
    - React-Core/Default
    - React-cxxreact (= 0.70.9)
    - React-jsi (= 0.70.9)
    - React-jsiexecutor (= 0.70.9)
    - React-perflogger (= 0.70.9)
    - Yoga
  - React-Core/RCTNetworkHeaders (0.70.9):
    - glog
    - RCT-Folly (= 2021.07.22.00)
    - React-Core/Default
    - React-cxxreact (= 0.70.9)
    - React-jsi (= 0.70.9)
    - React-jsiexecutor (= 0.70.9)
    - React-perflogger (= 0.70.9)
    - Yoga
  - React-Core/RCTSettingsHeaders (0.70.9):
    - glog
    - RCT-Folly (= 2021.07.22.00)
    - React-Core/Default
    - React-cxxreact (= 0.70.9)
    - React-jsi (= 0.70.9)
    - React-jsiexecutor (= 0.70.9)
    - React-perflogger (= 0.70.9)
    - Yoga
  - React-Core/RCTTextHeaders (0.70.9):
    - glog
    - RCT-Folly (= 2021.07.22.00)
    - React-Core/Default
    - React-cxxreact (= 0.70.9)
    - React-jsi (= 0.70.9)
    - React-jsiexecutor (= 0.70.9)
    - React-perflogger (= 0.70.9)
    - Yoga
  - React-Core/RCTVibrationHeaders (0.70.9):
    - glog
    - RCT-Folly (= 2021.07.22.00)
    - React-Core/Default
    - React-cxxreact (= 0.70.9)
    - React-jsi (= 0.70.9)
    - React-jsiexecutor (= 0.70.9)
    - React-perflogger (= 0.70.9)
    - Yoga
  - React-Core/RCTWebSocket (0.70.9):
    - glog
    - RCT-Folly (= 2021.07.22.00)
    - React-Core/Default (= 0.70.9)
    - React-cxxreact (= 0.70.9)
    - React-jsi (= 0.70.9)
    - React-jsiexecutor (= 0.70.9)
    - React-perflogger (= 0.70.9)
    - Yoga
  - React-CoreModules (0.70.9):
    - RCT-Folly (= 2021.07.22.00)
    - RCTTypeSafety (= 0.70.9)
    - React-Codegen (= 0.70.9)
    - React-Core/CoreModulesHeaders (= 0.70.9)
    - React-jsi (= 0.70.9)
    - React-RCTImage (= 0.70.9)
    - ReactCommon/turbomodule/core (= 0.70.9)
  - React-cxxreact (0.70.9):
    - boost (= 1.76.0)
    - DoubleConversion
    - glog
    - RCT-Folly (= 2021.07.22.00)
    - React-callinvoker (= 0.70.9)
    - React-jsi (= 0.70.9)
    - React-jsinspector (= 0.70.9)
    - React-logger (= 0.70.9)
    - React-perflogger (= 0.70.9)
    - React-runtimeexecutor (= 0.70.9)
  - React-hermes (0.70.9):
    - DoubleConversion
    - glog
    - hermes-engine
    - RCT-Folly (= 2021.07.22.00)
    - RCT-Folly/Futures (= 2021.07.22.00)
    - React-cxxreact (= 0.70.9)
    - React-jsi (= 0.70.9)
    - React-jsiexecutor (= 0.70.9)
    - React-jsinspector (= 0.70.9)
    - React-perflogger (= 0.70.9)
  - React-jsi (0.70.9):
    - boost (= 1.76.0)
    - DoubleConversion
    - glog
    - RCT-Folly (= 2021.07.22.00)
    - React-jsi/Default (= 0.70.9)
  - React-jsi/Default (0.70.9):
    - boost (= 1.76.0)
    - DoubleConversion
    - glog
    - RCT-Folly (= 2021.07.22.00)
  - React-jsiexecutor (0.70.9):
    - DoubleConversion
    - glog
    - RCT-Folly (= 2021.07.22.00)
    - React-cxxreact (= 0.70.9)
    - React-jsi (= 0.70.9)
    - React-perflogger (= 0.70.9)
  - React-jsinspector (0.70.9)
  - React-logger (0.70.9):
    - glog
  - react-native-date-picker (4.2.6):
    - React-Core
  - react-native-get-random-values (1.8.0):
    - React-Core
  - react-native-google-maps (1.4.0):
    - Google-Maps-iOS-Utils (= 4.1.0)
    - GoogleMaps (= 7.3.0)
    - React-Core
  - react-native-maps (1.4.0):
    - React-Core
  - react-native-safe-area-context (4.4.1):
    - RCT-Folly
    - RCTRequired
    - RCTTypeSafety
    - React-Core
    - ReactCommon/turbomodule/core
  - react-native-slider (4.4.2):
    - React-Core
  - React-perflogger (0.70.9)
  - React-RCTActionSheet (0.70.9):
    - React-Core/RCTActionSheetHeaders (= 0.70.9)
  - React-RCTAnimation (0.70.9):
    - RCT-Folly (= 2021.07.22.00)
    - RCTTypeSafety (= 0.70.9)
    - React-Codegen (= 0.70.9)
    - React-Core/RCTAnimationHeaders (= 0.70.9)
    - React-jsi (= 0.70.9)
    - ReactCommon/turbomodule/core (= 0.70.9)
  - React-RCTBlob (0.70.9):
    - RCT-Folly (= 2021.07.22.00)
    - React-Codegen (= 0.70.9)
    - React-Core/RCTBlobHeaders (= 0.70.9)
    - React-Core/RCTWebSocket (= 0.70.9)
    - React-jsi (= 0.70.9)
    - React-RCTNetwork (= 0.70.9)
    - ReactCommon/turbomodule/core (= 0.70.9)
  - React-RCTImage (0.70.9):
    - RCT-Folly (= 2021.07.22.00)
    - RCTTypeSafety (= 0.70.9)
    - React-Codegen (= 0.70.9)
    - React-Core/RCTImageHeaders (= 0.70.9)
    - React-jsi (= 0.70.9)
    - React-RCTNetwork (= 0.70.9)
    - ReactCommon/turbomodule/core (= 0.70.9)
  - React-RCTLinking (0.70.9):
    - React-Codegen (= 0.70.9)
    - React-Core/RCTLinkingHeaders (= 0.70.9)
    - React-jsi (= 0.70.9)
    - ReactCommon/turbomodule/core (= 0.70.9)
  - React-RCTNetwork (0.70.9):
    - RCT-Folly (= 2021.07.22.00)
    - RCTTypeSafety (= 0.70.9)
    - React-Codegen (= 0.70.9)
    - React-Core/RCTNetworkHeaders (= 0.70.9)
    - React-jsi (= 0.70.9)
    - ReactCommon/turbomodule/core (= 0.70.9)
  - React-RCTSettings (0.70.9):
    - RCT-Folly (= 2021.07.22.00)
    - RCTTypeSafety (= 0.70.9)
    - React-Codegen (= 0.70.9)
    - React-Core/RCTSettingsHeaders (= 0.70.9)
    - React-jsi (= 0.70.9)
    - ReactCommon/turbomodule/core (= 0.70.9)
  - React-RCTText (0.70.9):
    - React-Core/RCTTextHeaders (= 0.70.9)
  - React-RCTVibration (0.70.9):
    - RCT-Folly (= 2021.07.22.00)
    - React-Codegen (= 0.70.9)
    - React-Core/RCTVibrationHeaders (= 0.70.9)
    - React-jsi (= 0.70.9)
    - ReactCommon/turbomodule/core (= 0.70.9)
  - React-runtimeexecutor (0.70.9):
    - React-jsi (= 0.70.9)
  - ReactCommon/turbomodule/core (0.70.9):
    - DoubleConversion
    - glog
    - RCT-Folly (= 2021.07.22.00)
    - React-bridging (= 0.70.9)
    - React-callinvoker (= 0.70.9)
    - React-Core (= 0.70.9)
    - React-cxxreact (= 0.70.9)
    - React-jsi (= 0.70.9)
    - React-logger (= 0.70.9)
    - React-perflogger (= 0.70.9)
  - RNCAsyncStorage (1.18.1):
    - React-Core
  - RNCPicker (2.4.10):
    - React-Core
  - RNFS (2.20.0):
    - React-Core
  - RNGestureHandler (2.9.0):
    - React-Core
  - RNReanimated (2.17.0):
    - DoubleConversion
    - FBLazyVector
    - FBReactNativeSpec
    - glog
    - RCT-Folly
    - RCTRequired
    - RCTTypeSafety
    - React-callinvoker
    - React-Core
    - React-Core/DevSupport
    - React-Core/RCTWebSocket
    - React-CoreModules
    - React-cxxreact
    - React-jsi
    - React-jsiexecutor
    - React-jsinspector
    - React-RCTActionSheet
    - React-RCTAnimation
    - React-RCTBlob
    - React-RCTImage
    - React-RCTLinking
    - React-RCTNetwork
    - React-RCTSettings
    - React-RCTText
    - ReactCommon/turbomodule/core
    - Yoga
  - RNScreens (3.18.2):
    - React-Core
    - React-RCTImage
  - RNSVG (13.8.0):
    - React-Core
  - RNVectorIcons (9.2.0):
    - React-Core
  - RNZipArchive (6.0.9):
    - React-Core
    - RNZipArchive/Core (= 6.0.9)
    - SSZipArchive (~> 2.2)
  - RNZipArchive/Core (6.0.9):
    - React-Core
    - SSZipArchive (~> 2.2)
  - SSZipArchive (2.4.3)
  - UMAppLoader (4.0.0)
  - Yoga (1.14.0)

DEPENDENCIES:
  - boost (from `../node_modules/react-native/third-party-podspecs/boost.podspec`)
  - DoubleConversion (from `../node_modules/react-native/third-party-podspecs/DoubleConversion.podspec`)
  - EXApplication (from `../node_modules/expo-application/ios`)
  - EXConstants (from `../node_modules/expo-constants/ios`)
  - EXDocumentPicker (from `../node_modules/expo-document-picker/ios`)
  - EXErrorRecovery (from `../node_modules/expo-error-recovery/ios`)
  - EXFileSystem (from `../node_modules/expo-file-system/ios`)
  - EXFont (from `../node_modules/expo-font/ios`)
  - EXImageLoader (from `../node_modules/expo-image-loader/ios`)
  - EXLocation (from `../node_modules/expo-location/ios`)
  - EXMediaLibrary (from `../node_modules/expo-media-library/ios`)
  - Expo (from `../node_modules/expo`)
  - ExpoImageManipulator (from `../node_modules/expo-image-manipulator/ios`)
  - ExpoImagePicker (from `../node_modules/expo-image-picker/ios`)
  - ExpoKeepAwake (from `../node_modules/expo-keep-awake/ios`)
  - ExpoLinearGradient (from `../node_modules/expo-linear-gradient/ios`)
  - ExpoLocalization (from `../node_modules/expo-localization/ios`)
  - ExpoModulesCore (from `../node_modules/expo-modules-core`)
  - EXSharing (from `../node_modules/expo-sharing/ios`)
  - EXSplashScreen (from `../node_modules/expo-splash-screen/ios`)
  - EXTaskManager (from `../node_modules/expo-task-manager/ios`)
  - FBLazyVector (from `../node_modules/react-native/Libraries/FBLazyVector`)
  - FBReactNativeSpec (from `../node_modules/react-native/React/FBReactNativeSpec`)
  - glog (from `../node_modules/react-native/third-party-podspecs/glog.podspec`)
  - hermes-engine (from `../node_modules/react-native/sdks/hermes/hermes-engine.podspec`)
  - libevent (~> 2.1.12)
  - RCT-Folly (from `../node_modules/react-native/third-party-podspecs/RCT-Folly.podspec`)
  - RCTRequired (from `../node_modules/react-native/Libraries/RCTRequired`)
  - RCTTypeSafety (from `../node_modules/react-native/Libraries/TypeSafety`)
  - React (from `../node_modules/react-native/`)
  - React-bridging (from `../node_modules/react-native/ReactCommon`)
  - React-callinvoker (from `../node_modules/react-native/ReactCommon/callinvoker`)
  - React-Codegen (from `build/generated/ios`)
  - React-Core (from `../node_modules/react-native/`)
  - React-Core/RCTWebSocket (from `../node_modules/react-native/`)
  - React-CoreModules (from `../node_modules/react-native/React/CoreModules`)
  - React-cxxreact (from `../node_modules/react-native/ReactCommon/cxxreact`)
  - React-hermes (from `../node_modules/react-native/ReactCommon/hermes`)
  - React-jsi (from `../node_modules/react-native/ReactCommon/jsi`)
  - React-jsiexecutor (from `../node_modules/react-native/ReactCommon/jsiexecutor`)
  - React-jsinspector (from `../node_modules/react-native/ReactCommon/jsinspector`)
  - React-logger (from `../node_modules/react-native/ReactCommon/logger`)
  - react-native-date-picker (from `../node_modules/react-native-date-picker`)
  - react-native-get-random-values (from `../node_modules/react-native-get-random-values`)
  - react-native-google-maps (from `../node_modules/react-native-maps`)
  - react-native-maps (from `../node_modules/react-native-maps`)
  - react-native-safe-area-context (from `../node_modules/react-native-safe-area-context`)
  - "react-native-slider (from `../node_modules/@react-native-community/slider`)"
  - React-perflogger (from `../node_modules/react-native/ReactCommon/reactperflogger`)
  - React-RCTActionSheet (from `../node_modules/react-native/Libraries/ActionSheetIOS`)
  - React-RCTAnimation (from `../node_modules/react-native/Libraries/NativeAnimation`)
  - React-RCTBlob (from `../node_modules/react-native/Libraries/Blob`)
  - React-RCTImage (from `../node_modules/react-native/Libraries/Image`)
  - React-RCTLinking (from `../node_modules/react-native/Libraries/LinkingIOS`)
  - React-RCTNetwork (from `../node_modules/react-native/Libraries/Network`)
  - React-RCTSettings (from `../node_modules/react-native/Libraries/Settings`)
  - React-RCTText (from `../node_modules/react-native/Libraries/Text`)
  - React-RCTVibration (from `../node_modules/react-native/Libraries/Vibration`)
  - React-runtimeexecutor (from `../node_modules/react-native/ReactCommon/runtimeexecutor`)
  - ReactCommon/turbomodule/core (from `../node_modules/react-native/ReactCommon`)
  - "RNCAsyncStorage (from `../node_modules/@react-native-async-storage/async-storage`)"
  - "RNCPicker (from `../node_modules/@react-native-picker/picker`)"
  - RNFS (from `../node_modules/react-native-fs`)
  - RNGestureHandler (from `../node_modules/react-native-gesture-handler`)
  - RNReanimated (from `../node_modules/react-native-reanimated`)
  - RNScreens (from `../node_modules/react-native-screens`)
  - RNSVG (from `../node_modules/react-native-svg`)
  - RNVectorIcons (from `../node_modules/react-native-vector-icons`)
  - RNZipArchive (from `../node_modules/react-native-zip-archive`)
  - UMAppLoader (from `../node_modules/unimodules-app-loader/ios`)
  - Yoga (from `../node_modules/react-native/ReactCommon/yoga`)

SPEC REPOS:
  trunk:
    - fmt
    - Google-Maps-iOS-Utils
    - GoogleMaps
    - libevent
    - SSZipArchive

EXTERNAL SOURCES:
  boost:
    :podspec: "../node_modules/react-native/third-party-podspecs/boost.podspec"
  DoubleConversion:
    :podspec: "../node_modules/react-native/third-party-podspecs/DoubleConversion.podspec"
  EXApplication:
    :path: "../node_modules/expo-application/ios"
  EXConstants:
    :path: "../node_modules/expo-constants/ios"
  EXDocumentPicker:
    :path: "../node_modules/expo-document-picker/ios"
  EXErrorRecovery:
    :path: "../node_modules/expo-error-recovery/ios"
  EXFileSystem:
    :path: "../node_modules/expo-file-system/ios"
  EXFont:
    :path: "../node_modules/expo-font/ios"
  EXImageLoader:
    :path: "../node_modules/expo-image-loader/ios"
  EXLocation:
    :path: "../node_modules/expo-location/ios"
  EXMediaLibrary:
    :path: "../node_modules/expo-media-library/ios"
  Expo:
    :path: "../node_modules/expo"
  ExpoImageManipulator:
    :path: "../node_modules/expo-image-manipulator/ios"
  ExpoImagePicker:
    :path: "../node_modules/expo-image-picker/ios"
  ExpoKeepAwake:
    :path: "../node_modules/expo-keep-awake/ios"
  ExpoLinearGradient:
    :path: "../node_modules/expo-linear-gradient/ios"
  ExpoLocalization:
    :path: "../node_modules/expo-localization/ios"
  ExpoModulesCore:
    :path: "../node_modules/expo-modules-core"
  EXSharing:
    :path: "../node_modules/expo-sharing/ios"
  EXSplashScreen:
    :path: "../node_modules/expo-splash-screen/ios"
  EXTaskManager:
    :path: "../node_modules/expo-task-manager/ios"
  FBLazyVector:
    :path: "../node_modules/react-native/Libraries/FBLazyVector"
  FBReactNativeSpec:
    :path: "../node_modules/react-native/React/FBReactNativeSpec"
  glog:
    :podspec: "../node_modules/react-native/third-party-podspecs/glog.podspec"
  hermes-engine:
    :podspec: "../node_modules/react-native/sdks/hermes/hermes-engine.podspec"
  RCT-Folly:
    :podspec: "../node_modules/react-native/third-party-podspecs/RCT-Folly.podspec"
  RCTRequired:
    :path: "../node_modules/react-native/Libraries/RCTRequired"
  RCTTypeSafety:
    :path: "../node_modules/react-native/Libraries/TypeSafety"
  React:
    :path: "../node_modules/react-native/"
  React-bridging:
    :path: "../node_modules/react-native/ReactCommon"
  React-callinvoker:
    :path: "../node_modules/react-native/ReactCommon/callinvoker"
  React-Codegen:
    :path: build/generated/ios
  React-Core:
    :path: "../node_modules/react-native/"
  React-CoreModules:
    :path: "../node_modules/react-native/React/CoreModules"
  React-cxxreact:
    :path: "../node_modules/react-native/ReactCommon/cxxreact"
  React-hermes:
    :path: "../node_modules/react-native/ReactCommon/hermes"
  React-jsi:
    :path: "../node_modules/react-native/ReactCommon/jsi"
  React-jsiexecutor:
    :path: "../node_modules/react-native/ReactCommon/jsiexecutor"
  React-jsinspector:
    :path: "../node_modules/react-native/ReactCommon/jsinspector"
  React-logger:
    :path: "../node_modules/react-native/ReactCommon/logger"
  react-native-date-picker:
    :path: "../node_modules/react-native-date-picker"
  react-native-get-random-values:
    :path: "../node_modules/react-native-get-random-values"
  react-native-google-maps:
    :path: "../node_modules/react-native-maps"
  react-native-maps:
    :path: "../node_modules/react-native-maps"
  react-native-safe-area-context:
    :path: "../node_modules/react-native-safe-area-context"
  react-native-slider:
    :path: "../node_modules/@react-native-community/slider"
  React-perflogger:
    :path: "../node_modules/react-native/ReactCommon/reactperflogger"
  React-RCTActionSheet:
    :path: "../node_modules/react-native/Libraries/ActionSheetIOS"
  React-RCTAnimation:
    :path: "../node_modules/react-native/Libraries/NativeAnimation"
  React-RCTBlob:
    :path: "../node_modules/react-native/Libraries/Blob"
  React-RCTImage:
    :path: "../node_modules/react-native/Libraries/Image"
  React-RCTLinking:
    :path: "../node_modules/react-native/Libraries/LinkingIOS"
  React-RCTNetwork:
    :path: "../node_modules/react-native/Libraries/Network"
  React-RCTSettings:
    :path: "../node_modules/react-native/Libraries/Settings"
  React-RCTText:
    :path: "../node_modules/react-native/Libraries/Text"
  React-RCTVibration:
    :path: "../node_modules/react-native/Libraries/Vibration"
  React-runtimeexecutor:
    :path: "../node_modules/react-native/ReactCommon/runtimeexecutor"
  ReactCommon:
    :path: "../node_modules/react-native/ReactCommon"
  RNCAsyncStorage:
    :path: "../node_modules/@react-native-async-storage/async-storage"
  RNCPicker:
    :path: "../node_modules/@react-native-picker/picker"
  RNFS:
    :path: "../node_modules/react-native-fs"
  RNGestureHandler:
    :path: "../node_modules/react-native-gesture-handler"
  RNReanimated:
    :path: "../node_modules/react-native-reanimated"
  RNScreens:
    :path: "../node_modules/react-native-screens"
  RNSVG:
    :path: "../node_modules/react-native-svg"
  RNVectorIcons:
    :path: "../node_modules/react-native-vector-icons"
  RNZipArchive:
    :path: "../node_modules/react-native-zip-archive"
  UMAppLoader:
    :path: "../node_modules/unimodules-app-loader/ios"
  Yoga:
    :path: "../node_modules/react-native/ReactCommon/yoga"

SPEC CHECKSUMS:
  boost: a7c83b31436843459a1961bfd74b96033dc77234
  DoubleConversion: 5189b271737e1565bdce30deb4a08d647e3f5f54
  EXApplication: 034b1c40a8e9fe1bff76a1e511ee90dff64ad834
  EXConstants: 3c86653c422dd77e40d10cbbabb3025003977415
  EXDocumentPicker: 067af3535841bd1298d772c0eaa6d262ba9d38a4
  EXErrorRecovery: ae43433feb0608a64dc5b1c8363b3e7769a9ea24
  EXFileSystem: 60602b6eefa6873f97172c684b7537c9760b50d6
  EXFont: 319606bfe48c33b5b5063fb0994afdc496befe80
  EXImageLoader: 84b65e6bd9d3345d6fbb3ab936a546c54496a64d
  EXLocation: 7d08926d931f4fb619bfa25e73669f1e19b102c6
  EXMediaLibrary: b1c4f78878e45f6a359aff3a059e1660c41b73ab
  Expo: b9fa98bf260992312ee3c424400819fb9beadafe
  ExpoImageManipulator: 85ab87e9641b9d83108f8d603e0418c12fc19e2d
  ExpoImagePicker: ce37302446e70145bb413f0f74886441abdae022
  ExpoKeepAwake: 69b59d0a8d2b24de9f82759c39b3821fec030318
  ExpoLinearGradient: b40c2133ad57ae105b1b12a319e314463c817f6b
  ExpoLocalization: e202d1e2a4950df17ac8d0889d65a1ffd7532d7e
  ExpoModulesCore: 485dff3a59b036a33b6050c0a5aea3cf1037fdd1
  EXSharing: e4c5ebc5b36828f1e0dff1415b2b28b23dc770b8
  EXSplashScreen: 3e989924f61a8dd07ee4ea584c6ba14be9b51949
  EXTaskManager: 0afcc6fd813dec5dee98aa5ec4f22c2a840dd4a7
  FBLazyVector: bc76253beb7463b688aa6af913b822ed631de31a
  FBReactNativeSpec: 85d34420d92cb178897de05e3aba90e7a8568162
  fmt: ff9d55029c625d3757ed641535fd4a75fedc7ce9
  glog: 04b94705f318337d7ead9e6d17c019bd9b1f6b1b
  Google-Maps-iOS-Utils: 3343332b18dfd5be8f1f44edd7d481ace3da4d9a
  GoogleMaps: a146f275ee429d14822178c7a841c03366ec92a1
  hermes-engine: 918ec5addfbc430c9f443376d739f088b6dc96c3
  libevent: 4049cae6c81cdb3654a443be001fb9bdceff7913
  RCT-Folly: 0080d0a6ebf2577475bda044aa59e2ca1f909cda
  RCTRequired: db184d894eed9e15f1fa80c3372595b7ec360580
  RCTTypeSafety: c9bf4c53ad246e4c94a49d91353ed19a8df5952f
  React: 3ccb97e5c4672199746cefa622fd595d4cc9319d
  React-bridging: 60a99ddb74281e2047f1a85912c7075a75269285
  React-callinvoker: aea0b555a18d03e91d1d10b1c4eacc9d9dfb581a
  React-Codegen: 3d757143a6f27a84958f49466a3b18716845d192
  React-Core: b1e6334eedacb3dc3adae163ccdde5e6ca26d18b
  React-CoreModules: 74122da11de87771f2461c757ab0c29defddd4ea
  React-cxxreact: bbca1cdf5165761529edff94ed117b95ccbc877a
  React-hermes: ee7245fc80f61eee8918a5046ed84b0b740a15f4
  React-jsi: a015cacfe56047914e425d0177133c35409e2462
  React-jsiexecutor: d3f6d9242d4c93e7f0bdb27cb5510003bc98445c
  React-jsinspector: d76d32327f21d4f40dcf696231fdbbca60de4711
  React-logger: 1b3522f1e05c6360e93df3607a016c39e30a7351
  react-native-date-picker: 93e43b3084cea595b4d68b1405d6d99849663bd6
  react-native-get-random-values: a6ea6a8a65dc93e96e24a11105b1a9c8cfe1d72a
  react-native-google-maps: f4cf51c3c6360eb4f945adc12dc89575ec3d944a
  react-native-maps: 7135a33610202745d08fdf151ce6b0d01952a99c
  react-native-safe-area-context: 99b24a0c5acd0d5dcac2b1a7f18c49ea317be99a
  react-native-slider: 33b8d190b59d4f67a541061bb91775d53d617d9d
  React-perflogger: cce000b5caa4bcecbb29ee9cfdb47f26202d2599
  React-RCTActionSheet: ba29f52a82d970e2aba5804490ecaea587c7a751
  React-RCTAnimation: 36efe35933875c9aeea612f7d2c0394fa22552c1
  React-RCTBlob: 8dd4dd76ab8384ceae2bd78141880cb0fdd6640a
  React-RCTImage: 3e779bb3f8e5184b5af19134c7d866f22d60d966
  React-RCTLinking: 5051e59b8a625a82a7bc613687855193a567765c
  React-RCTNetwork: e160ffdb54f0f054911341c2889fd2c541ce0ba7
  React-RCTSettings: 2fc3aaaad0bea7adc1596ff2c54b97a1febe2f7b
  React-RCTText: eb1c72e61dd7dbe2c291c1d6f342cc5da351545b
  React-RCTVibration: 7fee53a28038a1b3c5c66dfd7656e29ac6d5c04d
  React-runtimeexecutor: ed23be8c1e02b73e7e2f88ac7eaab8faf6961a38
  ReactCommon: 153bd73ed963731a8e3e7f03a747b353fed7363e
  RNCAsyncStorage: b90b71f45b8b97be43bc4284e71a6af48ac9f547
  RNCPicker: 0bc2f0a29abcca7b7ed44a2d036aac9ab6d25700
  RNFS: 4ac0f0ea233904cb798630b3c077808c06931688
  RNGestureHandler: 071d7a9ad81e8b83fe7663b303d132406a7d8f39
  RNReanimated: bec7736122a268883bdede07f1bf9cf4b40158db
  RNScreens: 34cc502acf1b916c582c60003dc3089fa01dc66d
  RNSVG: c1e76b81c76cdcd34b4e1188852892dc280eb902
  RNVectorIcons: fcc2f6cb32f5735b586e66d14103a74ce6ad61f8
  RNZipArchive: 68a0c6db4b1c103f846f1559622050df254a3ade
  SSZipArchive: fe6a26b2a54d5a0890f2567b5cc6de5caa600aef
  UMAppLoader: 354d71d2d2ce8d6c19fb13d72b9c8209b18a8c56
  Yoga: dc109b79db907f0f589fc423e991b09ec42d2295

PODFILE CHECKSUM: d10f29c131bb48118e2b5fb42b52bc14f6d822b8

COCOAPODS: 1.12.1
